// !$*UTF8*$!
{
	archiveVersion = 1;
	classes = {
	};
	objectVersion = 50;
	objects = {

/* Begin PBXBuildFile section */
		A32ED9942511D4E100EBCE68 /* Menu.h in Headers */ = {isa = PBXBuildFile; fileRef = A32ED9922511D4E100EBCE68 /* Menu.h */; };
		A32ED9952511D4E100EBCE68 /* Menu.m in Sources */ = {isa = PBXBuildFile; fileRef = A32ED9932511D4E100EBCE68 /* Menu.m */; settings = {COMPILER_FLAGS = "-fno-objc-arc"; }; };
		A38993F9250B85A000211D90 /* Navi.h in Headers */ = {isa = PBXBuildFile; fileRef = A38993F7250B859F00211D90 /* Navi.h */; settings = {ATTRIBUTES = (Public, ); }; };
		A397ACC42513456500286C6E /* RezieseProtocol.h in Headers */ = {isa = PBXBuildFile; fileRef = A397ACC22513456500286C6E /* RezieseProtocol.h */; };
		A397ACC825148BEA00286C6E /* Panel.h in Headers */ = {isa = PBXBuildFile; fileRef = A397ACC625148BEA00286C6E /* Panel.h */; };
		A397ACC925148BEA00286C6E /* Panel.m in Sources */ = {isa = PBXBuildFile; fileRef = A397ACC725148BEA00286C6E /* Panel.m */; settings = {COMPILER_FLAGS = "-fno-objc-arc"; }; };
		A3B148EE2516349E00939B36 /* Section.h in Headers */ = {isa = PBXBuildFile; fileRef = A3B148EB2516349E00939B36 /* Section.h */; };
		A3B148EF2516349E00939B36 /* Section.m in Sources */ = {isa = PBXBuildFile; fileRef = A3B148EC2516349E00939B36 /* Section.m */; settings = {COMPILER_FLAGS = "-fno-objc-arc"; }; };
		A3B148F02516349E00939B36 /* Section.xib in Resources */ = {isa = PBXBuildFile; fileRef = A3B148ED2516349E00939B36 /* Section.xib */; };
		A3E6094425109AB500C98536 /* Panel.xib in Resources */ = {isa = PBXBuildFile; fileRef = A3E6094325109AB500C98536 /* Panel.xib */; };
		A3EB367125188D6E006B01F0 /* ColorMiniPanel.h in Headers */ = {isa = PBXBuildFile; fileRef = A3EB366E25188D6E006B01F0 /* ColorMiniPanel.h */; };
		A3EB367225188D6E006B01F0 /* ColorMiniPanel.m in Sources */ = {isa = PBXBuildFile; fileRef = A3EB366F25188D6E006B01F0 /* ColorMiniPanel.m */; };
		A3EB367325188D6E006B01F0 /* ColorMiniPanel.xib in Resources */ = {isa = PBXBuildFile; fileRef = A3EB367025188D6E006B01F0 /* ColorMiniPanel.xib */; };
		A3EB367D25188E75006B01F0 /* ColorMiniPanelView.h in Headers */ = {isa = PBXBuildFile; fileRef = A3EB367B25188E75006B01F0 /* ColorMiniPanelView.h */; };
		A3EB367E25188E75006B01F0 /* ColorMiniPanelView.m in Sources */ = {isa = PBXBuildFile; fileRef = A3EB367C25188E75006B01F0 /* ColorMiniPanelView.m */; };
		A3EB36812518986D006B01F0 /* ColorMiniButtonView.h in Headers */ = {isa = PBXBuildFile; fileRef = A3EB367F2518986D006B01F0 /* ColorMiniButtonView.h */; };
		A3EB36822518986D006B01F0 /* ColorMiniButtonView.m in Sources */ = {isa = PBXBuildFile; fileRef = A3EB36802518986D006B01F0 /* ColorMiniButtonView.m */; };
		B25BF9AC25176C5800D44DFA /* SectionView.h in Headers */ = {isa = PBXBuildFile; fileRef = B25BF9AA25176C5800D44DFA /* SectionView.h */; };
		B25BF9AD25176C5800D44DFA /* SectionView.m in Sources */ = {isa = PBXBuildFile; fileRef = B25BF9AB25176C5800D44DFA /* SectionView.m */; };
		B2A1D898250EE6CA004E59A4 /* Menu.xib in Resources */ = {isa = PBXBuildFile; fileRef = B2A1D897250EE6CA004E59A4 /* Menu.xib */; };
/* End PBXBuildFile section */

/* Begin PBXFileReference section */
		A32ED9922511D4E100EBCE68 /* Menu.h */ = {isa = PBXFileReference; lastKnownFileType = sourcecode.c.h; path = Menu.h; sourceTree = "<group>"; };
		A32ED9932511D4E100EBCE68 /* Menu.m */ = {isa = PBXFileReference; lastKnownFileType = sourcecode.c.objc; path = Menu.m; sourceTree = "<group>"; };
		A38993F4250B859F00211D90 /* Navi.framework */ = {isa = PBXFileReference; explicitFileType = wrapper.framework; includeInIndex = 0; path = Navi.framework; sourceTree = BUILT_PRODUCTS_DIR; };
		A38993F7250B859F00211D90 /* Navi.h */ = {isa = PBXFileReference; lastKnownFileType = sourcecode.c.h; path = Navi.h; sourceTree = "<group>"; };
		A38993F8250B85A000211D90 /* Info.plist */ = {isa = PBXFileReference; lastKnownFileType = text.plist.xml; path = Info.plist; sourceTree = "<group>"; };
		A397ACC22513456500286C6E /* RezieseProtocol.h */ = {isa = PBXFileReference; lastKnownFileType = sourcecode.c.h; path = RezieseProtocol.h; sourceTree = "<group>"; };
		A397ACC625148BEA00286C6E /* Panel.h */ = {isa = PBXFileReference; lastKnownFileType = sourcecode.c.h; path = Panel.h; sourceTree = "<group>"; };
		A397ACC725148BEA00286C6E /* Panel.m */ = {isa = PBXFileReference; lastKnownFileType = sourcecode.c.objc; path = Panel.m; sourceTree = "<group>"; };
		A3B148EB2516349E00939B36 /* Section.h */ = {isa = PBXFileReference; lastKnownFileType = sourcecode.c.h; path = Section.h; sourceTree = "<group>"; };
		A3B148EC2516349E00939B36 /* Section.m */ = {isa = PBXFileReference; lastKnownFileType = sourcecode.c.objc; path = Section.m; sourceTree = "<group>"; };
		A3B148ED2516349E00939B36 /* Section.xib */ = {isa = PBXFileReference; lastKnownFileType = file.xib; path = Section.xib; sourceTree = "<group>"; };
		A3E6094325109AB500C98536 /* Panel.xib */ = {isa = PBXFileReference; lastKnownFileType = file.xib; path = Panel.xib; sourceTree = "<group>"; };
		A3EB366E25188D6E006B01F0 /* ColorMiniPanel.h */ = {isa = PBXFileReference; lastKnownFileType = sourcecode.c.h; path = ColorMiniPanel.h; sourceTree = "<group>"; };
		A3EB366F25188D6E006B01F0 /* ColorMiniPanel.m */ = {isa = PBXFileReference; lastKnownFileType = sourcecode.c.objc; path = ColorMiniPanel.m; sourceTree = "<group>"; };
		A3EB367025188D6E006B01F0 /* ColorMiniPanel.xib */ = {isa = PBXFileReference; lastKnownFileType = file.xib; path = ColorMiniPanel.xib; sourceTree = "<group>"; };
		A3EB367B25188E75006B01F0 /* ColorMiniPanelView.h */ = {isa = PBXFileReference; lastKnownFileType = sourcecode.c.h; path = ColorMiniPanelView.h; sourceTree = "<group>"; };
		A3EB367C25188E75006B01F0 /* ColorMiniPanelView.m */ = {isa = PBXFileReference; lastKnownFileType = sourcecode.c.objc; path = ColorMiniPanelView.m; sourceTree = "<group>"; };
		A3EB367F2518986D006B01F0 /* ColorMiniButtonView.h */ = {isa = PBXFileReference; lastKnownFileType = sourcecode.c.h; path = ColorMiniButtonView.h; sourceTree = "<group>"; };
		A3EB36802518986D006B01F0 /* ColorMiniButtonView.m */ = {isa = PBXFileReference; lastKnownFileType = sourcecode.c.objc; path = ColorMiniButtonView.m; sourceTree = "<group>"; };
		B25BF9AA25176C5800D44DFA /* SectionView.h */ = {isa = PBXFileReference; lastKnownFileType = sourcecode.c.h; path = SectionView.h; sourceTree = "<group>"; };
		B25BF9AB25176C5800D44DFA /* SectionView.m */ = {isa = PBXFileReference; lastKnownFileType = sourcecode.c.objc; path = SectionView.m; sourceTree = "<group>"; };
		B2A1D897250EE6CA004E59A4 /* Menu.xib */ = {isa = PBXFileReference; lastKnownFileType = file.xib; path = Menu.xib; sourceTree = "<group>"; };
/* End PBXFileReference section */

/* Begin PBXFrameworksBuildPhase section */
		A38993F1250B859F00211D90 /* Frameworks */ = {
			isa = PBXFrameworksBuildPhase;
			buildActionMask = 2147483647;
			files = (
			);
			runOnlyForDeploymentPostprocessing = 0;
		};
/* End PBXFrameworksBuildPhase section */

/* Begin PBXGroup section */
		A38993EA250B859F00211D90 = {
			isa = PBXGroup;
			children = (
				A38993F6250B859F00211D90 /* Navi */,
				A38993F5250B859F00211D90 /* Products */,
			);
			sourceTree = "<group>";
		};
		A38993F5250B859F00211D90 /* Products */ = {
			isa = PBXGroup;
			children = (
				A38993F4250B859F00211D90 /* Navi.framework */,
			);
			name = Products;
			sourceTree = "<group>";
		};
		A38993F6250B859F00211D90 /* Navi */ = {
			isa = PBXGroup;
			children = (
				A3B148E425162C0E00939B36 /* Componetns */,
				A3B148E3251628D500939B36 /* Headers */,
				A38993F7250B859F00211D90 /* Navi.h */,
				A38993F8250B85A000211D90 /* Info.plist */,
				A32ED9922511D4E100EBCE68 /* Menu.h */,
				A32ED9932511D4E100EBCE68 /* Menu.m */,
				B2A1D897250EE6CA004E59A4 /* Menu.xib */,
				A397ACC625148BEA00286C6E /* Panel.h */,
				A397ACC725148BEA00286C6E /* Panel.m */,
				A3E6094325109AB500C98536 /* Panel.xib */,
				A3B148EB2516349E00939B36 /* Section.h */,
				A3B148EC2516349E00939B36 /* Section.m */,
				A3B148ED2516349E00939B36 /* Section.xib */,
				B25BF9AA25176C5800D44DFA /* SectionView.h */,
				B25BF9AB25176C5800D44DFA /* SectionView.m */,
			);
			path = Navi;
			sourceTree = "<group>";
		};
		A3B148E3251628D500939B36 /* Headers */ = {
			isa = PBXGroup;
			children = (
				A397ACC22513456500286C6E /* RezieseProtocol.h */,
			);
			path = Headers;
			sourceTree = "<group>";
		};
		A3B148E425162C0E00939B36 /* Componetns */ = {
			isa = PBXGroup;
			children = (
				A3EB367425188D85006B01F0 /* Color */,
			);
			path = Componetns;
			sourceTree = "<group>";
		};
		A3EB367425188D85006B01F0 /* Color */ = {
			isa = PBXGroup;
			children = (
				A3EB366E25188D6E006B01F0 /* ColorMiniPanel.h */,
				A3EB366F25188D6E006B01F0 /* ColorMiniPanel.m */,
				A3EB367025188D6E006B01F0 /* ColorMiniPanel.xib */,
				A3EB367B25188E75006B01F0 /* ColorMiniPanelView.h */,
				A3EB367C25188E75006B01F0 /* ColorMiniPanelView.m */,
				A3EB367F2518986D006B01F0 /* ColorMiniButtonView.h */,
				A3EB36802518986D006B01F0 /* ColorMiniButtonView.m */,
			);
			path = Color;
			sourceTree = "<group>";
		};
/* End PBXGroup section */

/* Begin PBXHeadersBuildPhase section */
		A38993EF250B859F00211D90 /* Headers */ = {
			isa = PBXHeadersBuildPhase;
			buildActionMask = 2147483647;
			files = (
				A32ED9942511D4E100EBCE68 /* Menu.h in Headers */,
				A3EB367D25188E75006B01F0 /* ColorMiniPanelView.h in Headers */,
				A3EB367125188D6E006B01F0 /* ColorMiniPanel.h in Headers */,
				A3B148EE2516349E00939B36 /* Section.h in Headers */,
				A38993F9250B85A000211D90 /* Navi.h in Headers */,
				B25BF9AC25176C5800D44DFA /* SectionView.h in Headers */,
				A397ACC825148BEA00286C6E /* Panel.h in Headers */,
				A397ACC42513456500286C6E /* RezieseProtocol.h in Headers */,
				A3EB36812518986D006B01F0 /* ColorMiniButtonView.h in Headers */,
			);
			runOnlyForDeploymentPostprocessing = 0;
		};
/* End PBXHeadersBuildPhase section */

/* Begin PBXNativeTarget section */
		A38993F3250B859F00211D90 /* Navi */ = {
			isa = PBXNativeTarget;
			buildConfigurationList = A38993FC250B85A000211D90 /* Build configuration list for PBXNativeTarget "Navi" */;
			buildPhases = (
				A38993EF250B859F00211D90 /* Headers */,
				A38993F0250B859F00211D90 /* Sources */,
				A38993F1250B859F00211D90 /* Frameworks */,
				A38993F2250B859F00211D90 /* Resources */,
			);
			buildRules = (
			);
			dependencies = (
			);
			name = Navi;
			productName = Navi;
			productReference = A38993F4250B859F00211D90 /* Navi.framework */;
			productType = "com.apple.product-type.framework";
		};
/* End PBXNativeTarget section */

/* Begin PBXProject section */
		A38993EB250B859F00211D90 /* Project object */ = {
			isa = PBXProject;
			attributes = {
				LastUpgradeCheck = 1150;
				ORGANIZATIONNAME = "Qian,Sicheng";
				TargetAttributes = {
					A38993F3250B859F00211D90 = {
						CreatedOnToolsVersion = 11.5;
					};
				};
			};
			buildConfigurationList = A38993EE250B859F00211D90 /* Build configuration list for PBXProject "Navi" */;
			compatibilityVersion = "Xcode 9.3";
			developmentRegion = en;
			hasScannedForEncodings = 0;
			knownRegions = (
				en,
				Base,
			);
			mainGroup = A38993EA250B859F00211D90;
			productRefGroup = A38993F5250B859F00211D90 /* Products */;
			projectDirPath = "";
			projectRoot = "";
			targets = (
				A38993F3250B859F00211D90 /* Navi */,
			);
		};
/* End PBXProject section */

/* Begin PBXResourcesBuildPhase section */
		A38993F2250B859F00211D90 /* Resources */ = {
			isa = PBXResourcesBuildPhase;
			buildActionMask = 2147483647;
			files = (
				A3E6094425109AB500C98536 /* Panel.xib in Resources */,
				A3B148F02516349E00939B36 /* Section.xib in Resources */,
				B2A1D898250EE6CA004E59A4 /* Menu.xib in Resources */,
				A3EB367325188D6E006B01F0 /* ColorMiniPanel.xib in Resources */,
			);
			runOnlyForDeploymentPostprocessing = 0;
		};
/* End PBXResourcesBuildPhase section */

/* Begin PBXSourcesBuildPhase section */
		A38993F0250B859F00211D90 /* Sources */ = {
			isa = PBXSourcesBuildPhase;
			buildActionMask = 2147483647;
			files = (
				A3EB367E25188E75006B01F0 /* ColorMiniPanelView.m in Sources */,
				B25BF9AD25176C5800D44DFA /* SectionView.m in Sources */,
				A32ED9952511D4E100EBCE68 /* Menu.m in Sources */,
				A3EB36822518986D006B01F0 /* ColorMiniButtonView.m in Sources */,
				A3EB367225188D6E006B01F0 /* ColorMiniPanel.m in Sources */,
				A3B148EF2516349E00939B36 /* Section.m in Sources */,
				A397ACC925148BEA00286C6E /* Panel.m in Sources */,
			);
			runOnlyForDeploymentPostprocessing = 0;
		};
/* End PBXSourcesBuildPhase section */

/* Begin XCBuildConfiguration section */
		A38993FA250B85A000211D90 /* Debug */ = {
			isa = XCBuildConfiguration;
			buildSettings = {
				ALWAYS_SEARCH_USER_PATHS = NO;
				CLANG_ANALYZER_NONNULL = YES;
				CLANG_ANALYZER_NUMBER_OBJECT_CONVERSION = YES_AGGRESSIVE;
				CLANG_CXX_LANGUAGE_STANDARD = "gnu++14";
				CLANG_CXX_LIBRARY = "libc++";
				CLANG_ENABLE_MODULES = YES;
				CLANG_ENABLE_OBJC_ARC = YES;
				CLANG_ENABLE_OBJC_WEAK = YES;
				CLANG_WARN_BLOCK_CAPTURE_AUTORELEASING = YES;
				CLANG_WARN_BOOL_CONVERSION = YES;
				CLANG_WARN_COMMA = YES;
				CLANG_WARN_CONSTANT_CONVERSION = YES;
				CLANG_WARN_DEPRECATED_OBJC_IMPLEMENTATIONS = YES;
				CLANG_WARN_DIRECT_OBJC_ISA_USAGE = YES_ERROR;
				CLANG_WARN_DOCUMENTATION_COMMENTS = YES;
				CLANG_WARN_EMPTY_BODY = YES;
				CLANG_WARN_ENUM_CONVERSION = YES;
				CLANG_WARN_INFINITE_RECURSION = YES;
				CLANG_WARN_INT_CONVERSION = YES;
				CLANG_WARN_NON_LITERAL_NULL_CONVERSION = YES;
				CLANG_WARN_OBJC_IMPLICIT_RETAIN_SELF = YES;
				CLANG_WARN_OBJC_LITERAL_CONVERSION = YES;
				CLANG_WARN_OBJC_ROOT_CLASS = YES_ERROR;
				CLANG_WARN_RANGE_LOOP_ANALYSIS = YES;
				CLANG_WARN_STRICT_PROTOTYPES = YES;
				CLANG_WARN_SUSPICIOUS_MOVE = YES;
				CLANG_WARN_UNGUARDED_AVAILABILITY = YES_AGGRESSIVE;
				CLANG_WARN_UNREACHABLE_CODE = YES;
				CLANG_WARN__DUPLICATE_METHOD_MATCH = YES;
				COPY_PHASE_STRIP = NO;
				CURRENT_PROJECT_VERSION = 1;
				DEBUG_INFORMATION_FORMAT = dwarf;
				ENABLE_STRICT_OBJC_MSGSEND = YES;
				ENABLE_TESTABILITY = YES;
				GCC_C_LANGUAGE_STANDARD = gnu11;
				GCC_DYNAMIC_NO_PIC = NO;
				GCC_NO_COMMON_BLOCKS = YES;
				GCC_OPTIMIZATION_LEVEL = 0;
				GCC_PREPROCESSOR_DEFINITIONS = (
					"DEBUG=1",
					"$(inherited)",
				);
				GCC_WARN_64_TO_32_BIT_CONVERSION = YES;
				GCC_WARN_ABOUT_RETURN_TYPE = YES_ERROR;
				GCC_WARN_UNDECLARED_SELECTOR = YES;
				GCC_WARN_UNINITIALIZED_AUTOS = YES_AGGRESSIVE;
				GCC_WARN_UNUSED_FUNCTION = YES;
				GCC_WARN_UNUSED_VARIABLE = YES;
				MACOSX_DEPLOYMENT_TARGET = 10.15;
				MTL_ENABLE_DEBUG_INFO = INCLUDE_SOURCE;
				MTL_FAST_MATH = YES;
				ONLY_ACTIVE_ARCH = YES;
				SDKROOT = macosx;
				VERSIONING_SYSTEM = "apple-generic";
				VERSION_INFO_PREFIX = "";
			};
			name = Debug;
		};
		A38993FB250B85A000211D90 /* Release */ = {
			isa = XCBuildConfiguration;
			buildSettings = {
				ALWAYS_SEARCH_USER_PATHS = NO;
				CLANG_ANALYZER_NONNULL = YES;
				CLANG_ANALYZER_NUMBER_OBJECT_CONVERSION = YES_AGGRESSIVE;
				CLANG_CXX_LANGUAGE_STANDARD = "gnu++14";
				CLANG_CXX_LIBRARY = "libc++";
				CLANG_ENABLE_MODULES = YES;
				CLANG_ENABLE_OBJC_ARC = YES;
				CLANG_ENABLE_OBJC_WEAK = YES;
				CLANG_WARN_BLOCK_CAPTURE_AUTORELEASING = YES;
				CLANG_WARN_BOOL_CONVERSION = YES;
				CLANG_WARN_COMMA = YES;
				CLANG_WARN_CONSTANT_CONVERSION = YES;
				CLANG_WARN_DEPRECATED_OBJC_IMPLEMENTATIONS = YES;
				CLANG_WARN_DIRECT_OBJC_ISA_USAGE = YES_ERROR;
				CLANG_WARN_DOCUMENTATION_COMMENTS = YES;
				CLANG_WARN_EMPTY_BODY = YES;
				CLANG_WARN_ENUM_CONVERSION = YES;
				CLANG_WARN_INFINITE_RECURSION = YES;
				CLANG_WARN_INT_CONVERSION = YES;
				CLANG_WARN_NON_LITERAL_NULL_CONVERSION = YES;
				CLANG_WARN_OBJC_IMPLICIT_RETAIN_SELF = YES;
				CLANG_WARN_OBJC_LITERAL_CONVERSION = YES;
				CLANG_WARN_OBJC_ROOT_CLASS = YES_ERROR;
				CLANG_WARN_RANGE_LOOP_ANALYSIS = YES;
				CLANG_WARN_STRICT_PROTOTYPES = YES;
				CLANG_WARN_SUSPICIOUS_MOVE = YES;
				CLANG_WARN_UNGUARDED_AVAILABILITY = YES_AGGRESSIVE;
				CLANG_WARN_UNREACHABLE_CODE = YES;
				CLANG_WARN__DUPLICATE_METHOD_MATCH = YES;
				COPY_PHASE_STRIP = NO;
				CURRENT_PROJECT_VERSION = 1;
				DEBUG_INFORMATION_FORMAT = "dwarf-with-dsym";
				ENABLE_NS_ASSERTIONS = NO;
				ENABLE_STRICT_OBJC_MSGSEND = YES;
				GCC_C_LANGUAGE_STANDARD = gnu11;
				GCC_NO_COMMON_BLOCKS = YES;
				GCC_WARN_64_TO_32_BIT_CONVERSION = YES;
				GCC_WARN_ABOUT_RETURN_TYPE = YES_ERROR;
				GCC_WARN_UNDECLARED_SELECTOR = YES;
				GCC_WARN_UNINITIALIZED_AUTOS = YES_AGGRESSIVE;
				GCC_WARN_UNUSED_FUNCTION = YES;
				GCC_WARN_UNUSED_VARIABLE = YES;
				MACOSX_DEPLOYMENT_TARGET = 10.15;
				MTL_ENABLE_DEBUG_INFO = NO;
				MTL_FAST_MATH = YES;
				SDKROOT = macosx;
				VERSIONING_SYSTEM = "apple-generic";
				VERSION_INFO_PREFIX = "";
			};
			name = Release;
		};
		A38993FD250B85A000211D90 /* Debug */ = {
			isa = XCBuildConfiguration;
			buildSettings = {
				CODE_SIGN_STYLE = Automatic;
				COMBINE_HIDPI_IMAGES = YES;
				DEFINES_MODULE = YES;
				DYLIB_COMPATIBILITY_VERSION = 1;
				DYLIB_CURRENT_VERSION = 1;
				DYLIB_INSTALL_NAME_BASE = "@rpath";
				INFOPLIST_FILE = Navi/Info.plist;
				INSTALL_PATH = "$(LOCAL_LIBRARY_DIR)/Frameworks";
				LD_RUNPATH_SEARCH_PATHS = (
					"$(inherited)",
					"@executable_path/../Frameworks",
					"@loader_path/Frameworks",
				);
				PRODUCT_BUNDLE_IDENTIFIER = com.baidu.Navi;
				PRODUCT_NAME = "$(TARGET_NAME:c99extidentifier)";
				SKIP_INSTALL = YES;
			};
			name = Debug;
		};
		A38993FE250B85A000211D90 /* Release */ = {
			isa = XCBuildConfiguration;
			buildSettings = {
				CODE_SIGN_STYLE = Automatic;
				COMBINE_HIDPI_IMAGES = YES;
				DEFINES_MODULE = YES;
				DYLIB_COMPATIBILITY_VERSION = 1;
				DYLIB_CURRENT_VERSION = 1;
				DYLIB_INSTALL_NAME_BASE = "@rpath";
				INFOPLIST_FILE = Navi/Info.plist;
				INSTALL_PATH = "$(LOCAL_LIBRARY_DIR)/Frameworks";
				LD_RUNPATH_SEARCH_PATHS = (
					"$(inherited)",
					"@executable_path/../Frameworks",
					"@loader_path/Frameworks",
				);
				PRODUCT_BUNDLE_IDENTIFIER = com.baidu.Navi;
				PRODUCT_NAME = "$(TARGET_NAME:c99extidentifier)";
				SKIP_INSTALL = YES;
			};
			name = Release;
		};
/* End XCBuildConfiguration section */

/* Begin XCConfigurationList section */
		A38993EE250B859F00211D90 /* Build configuration list for PBXProject "Navi" */ = {
			isa = XCConfigurationList;
			buildConfigurations = (
				A38993FA250B85A000211D90 /* Debug */,
				A38993FB250B85A000211D90 /* Release */,
			);
			defaultConfigurationIsVisible = 0;
			defaultConfigurationName = Release;
		};
		A38993FC250B85A000211D90 /* Build configuration list for PBXNativeTarget "Navi" */ = {
			isa = XCConfigurationList;
			buildConfigurations = (
				A38993FD250B85A000211D90 /* Debug */,
				A38993FE250B85A000211D90 /* Release */,
			);
			defaultConfigurationIsVisible = 0;
			defaultConfigurationName = Release;
		};
/* End XCConfigurationList section */
	};
	rootObject = A38993EB250B859F00211D90 /* Project object */;
}
