// !$*UTF8*$!
{
	archiveVersion = 1;
	classes = {
	};
	objectVersion = 50;
	objects = {

/* Begin PBXBuildFile section */
		30D2479625429B1B0027602C /* NVLineCollectionView.h in Headers */ = {isa = PBXBuildFile; fileRef = 30D2479425429B1B0027602C /* NVLineCollectionView.h */; };
		30D2479725429B1B0027602C /* NVLineCollectionView.m in Sources */ = {isa = PBXBuildFile; fileRef = 30D2479525429B1B0027602C /* NVLineCollectionView.m */; settings = {COMPILER_FLAGS = "-fno-objc-arc"; }; };
		30D2479E25429FAD0027602C /* NVLineSource.h in Headers */ = {isa = PBXBuildFile; fileRef = 30D2479C25429FAD0027602C /* NVLineSource.h */; };
		30D2479F25429FAD0027602C /* NVLineSource.m in Sources */ = {isa = PBXBuildFile; fileRef = 30D2479D25429FAD0027602C /* NVLineSource.m */; };
		30D247A22542A7630027602C /* NVLineSectionHeader.h in Headers */ = {isa = PBXBuildFile; fileRef = 30D247A02542A7630027602C /* NVLineSectionHeader.h */; };
		30D247A32542A7630027602C /* NVLineSectionHeader.m in Sources */ = {isa = PBXBuildFile; fileRef = 30D247A12542A7630027602C /* NVLineSectionHeader.m */; settings = {COMPILER_FLAGS = "-fno-objc-arc"; }; };
		30D247A72542E7080027602C /* NVLineCollectionItemView.h in Headers */ = {isa = PBXBuildFile; fileRef = 30D247A52542E7080027602C /* NVLineCollectionItemView.h */; };
		30D247A82542E7080027602C /* NVLineCollectionItemView.m in Sources */ = {isa = PBXBuildFile; fileRef = 30D247A62542E7080027602C /* NVLineCollectionItemView.m */; };
		30D247AC2542ECF00027602C /* NVLineCollectionItem.h in Headers */ = {isa = PBXBuildFile; fileRef = 30D247A92542ECF00027602C /* NVLineCollectionItem.h */; };
		30D247AD2542ECF00027602C /* NVLineCollectionItem.m in Sources */ = {isa = PBXBuildFile; fileRef = 30D247AA2542ECF00027602C /* NVLineCollectionItem.m */; };
		30D247AE2542ECF00027602C /* NVLineCollectionItem.xib in Resources */ = {isa = PBXBuildFile; fileRef = 30D247AB2542ECF00027602C /* NVLineCollectionItem.xib */; };
		A300365125386EAF0093395D /* NVTextPanel.h in Headers */ = {isa = PBXBuildFile; fileRef = A300364E25386EAF0093395D /* NVTextPanel.h */; };
		A300365225386EAF0093395D /* NVTextPanel.m in Sources */ = {isa = PBXBuildFile; fileRef = A300364F25386EAF0093395D /* NVTextPanel.m */; settings = {COMPILER_FLAGS = "-fno-objc-arc"; }; };
		A300365325386EAF0093395D /* NVTextPanel.xib in Resources */ = {isa = PBXBuildFile; fileRef = A300365025386EAF0093395D /* NVTextPanel.xib */; };
		A3003659253870E00093395D /* NVLinePanel.h in Headers */ = {isa = PBXBuildFile; fileRef = A3003656253870E00093395D /* NVLinePanel.h */; };
		A300365A253870E00093395D /* NVLinePanel.m in Sources */ = {isa = PBXBuildFile; fileRef = A3003657253870E00093395D /* NVLinePanel.m */; settings = {COMPILER_FLAGS = "-fno-objc-arc"; }; };
		A300365B253870E00093395D /* NVLinePanel.xib in Resources */ = {isa = PBXBuildFile; fileRef = A3003658253870E00093395D /* NVLinePanel.xib */; };
		A300365F253870F40093395D /* NVMaskPanel.h in Headers */ = {isa = PBXBuildFile; fileRef = A300365C253870F40093395D /* NVMaskPanel.h */; };
		A3003660253870F40093395D /* NVMaskPanel.m in Sources */ = {isa = PBXBuildFile; fileRef = A300365D253870F40093395D /* NVMaskPanel.m */; settings = {COMPILER_FLAGS = "-fno-objc-arc"; }; };
		A3003661253870F40093395D /* NVMaskPanel.xib in Resources */ = {isa = PBXBuildFile; fileRef = A300365E253870F40093395D /* NVMaskPanel.xib */; };
		A3003664253873300093395D /* CustomScroller.h in Headers */ = {isa = PBXBuildFile; fileRef = A3003662253873300093395D /* CustomScroller.h */; };
		A3003665253873300093395D /* CustomScroller.m in Sources */ = {isa = PBXBuildFile; fileRef = A3003663253873300093395D /* CustomScroller.m */; settings = {COMPILER_FLAGS = "-fno-objc-arc"; }; };
		A32ED9942511D4E100EBCE68 /* Menu.h in Headers */ = {isa = PBXBuildFile; fileRef = A32ED9922511D4E100EBCE68 /* Menu.h */; };
		A32ED9952511D4E100EBCE68 /* Menu.m in Sources */ = {isa = PBXBuildFile; fileRef = A32ED9932511D4E100EBCE68 /* Menu.m */; settings = {COMPILER_FLAGS = "-fno-objc-arc"; }; };
		A3453B5C2535C5E2007AFFCC /* Config.h in Headers */ = {isa = PBXBuildFile; fileRef = A3453B5A2535C5E2007AFFCC /* Config.h */; };
		A3453B5D2535C5E2007AFFCC /* Config.m in Sources */ = {isa = PBXBuildFile; fileRef = A3453B5B2535C5E2007AFFCC /* Config.m */; settings = {COMPILER_FLAGS = "-fno-objc-arc"; }; };
		A3453B6825381A19007AFFCC /* FlippedClipView.h in Headers */ = {isa = PBXBuildFile; fileRef = A3453B6625381A19007AFFCC /* FlippedClipView.h */; };
		A3453B6925381A19007AFFCC /* FlippedClipView.m in Sources */ = {isa = PBXBuildFile; fileRef = A3453B6725381A19007AFFCC /* FlippedClipView.m */; settings = {COMPILER_FLAGS = "-fno-objc-arc"; }; };
		A34728A3253886B700EC18ED /* NVPanelController.h in Headers */ = {isa = PBXBuildFile; fileRef = A34728A1253886B700EC18ED /* NVPanelController.h */; };
		A34728A4253886B700EC18ED /* NVPanelController.m in Sources */ = {isa = PBXBuildFile; fileRef = A34728A2253886B700EC18ED /* NVPanelController.m */; settings = {COMPILER_FLAGS = "-fno-objc-arc"; }; };
		A34728AA253988FC00EC18ED /* NVColorCollectionView.h in Headers */ = {isa = PBXBuildFile; fileRef = A34728A8253988FC00EC18ED /* NVColorCollectionView.h */; };
		A34728AB253988FC00EC18ED /* NVColorCollectionView.m in Sources */ = {isa = PBXBuildFile; fileRef = A34728A9253988FC00EC18ED /* NVColorCollectionView.m */; settings = {COMPILER_FLAGS = "-fno-objc-arc"; }; };
		A34728AE2539897200EC18ED /* NVColorSectionHeader.h in Headers */ = {isa = PBXBuildFile; fileRef = A34728AC2539897200EC18ED /* NVColorSectionHeader.h */; };
		A34728AF2539897200EC18ED /* NVColorSectionHeader.m in Sources */ = {isa = PBXBuildFile; fileRef = A34728AD2539897200EC18ED /* NVColorSectionHeader.m */; settings = {COMPILER_FLAGS = "-fno-objc-arc"; }; };
		A34728B52539918500EC18ED /* NVColorCollectionItem.xib in Resources */ = {isa = PBXBuildFile; fileRef = A34728B22539918500EC18ED /* NVColorCollectionItem.xib */; };
		A3522956253D6C3A00F42D58 /* NVCollectionView.h in Headers */ = {isa = PBXBuildFile; fileRef = A3522954253D6C3A00F42D58 /* NVCollectionView.h */; };
		A3522957253D6C3A00F42D58 /* NVCollectionView.m in Sources */ = {isa = PBXBuildFile; fileRef = A3522955253D6C3A00F42D58 /* NVCollectionView.m */; settings = {COMPILER_FLAGS = "-fno-objc-arc"; }; };
		A352295E253DA5D400F42D58 /* NVColorSource.h in Headers */ = {isa = PBXBuildFile; fileRef = A352295C253DA5D400F42D58 /* NVColorSource.h */; };
		A352295F253DA5D400F42D58 /* NVColorSource.m in Sources */ = {isa = PBXBuildFile; fileRef = A352295D253DA5D400F42D58 /* NVColorSource.m */; };
		A3522962253DA8B900F42D58 /* NVSource.h in Headers */ = {isa = PBXBuildFile; fileRef = A3522960253DA8B900F42D58 /* NVSource.h */; };
		A38993F9250B85A000211D90 /* Navi.h in Headers */ = {isa = PBXBuildFile; fileRef = A38993F7250B859F00211D90 /* Navi.h */; settings = {ATTRIBUTES = (Public, ); }; };
		A396D0EA25346F990061CC73 /* Util.h in Headers */ = {isa = PBXBuildFile; fileRef = A396D0E825346F990061CC73 /* Util.h */; };
		A396D0EB25346F990061CC73 /* Util.m in Sources */ = {isa = PBXBuildFile; fileRef = A396D0E925346F990061CC73 /* Util.m */; settings = {COMPILER_FLAGS = "-fno-objc-arc"; }; };
		A396D11225347F8C0061CC73 /* mask-active.png in Resources */ = {isa = PBXBuildFile; fileRef = A396D0F825347F8B0061CC73 /* mask-active.png */; };
		A396D11325347F8C0061CC73 /* border-active.png in Resources */ = {isa = PBXBuildFile; fileRef = A396D0F925347F8B0061CC73 /* border-active.png */; };
		A396D11425347F8C0061CC73 /* text-active.png in Resources */ = {isa = PBXBuildFile; fileRef = A396D0FA25347F8B0061CC73 /* text-active.png */; };
		A396D11525347F8C0061CC73 /* main-active.png in Resources */ = {isa = PBXBuildFile; fileRef = A396D0FB25347F8B0061CC73 /* main-active.png */; };
		A396D11625347F8C0061CC73 /* border.png in Resources */ = {isa = PBXBuildFile; fileRef = A396D0FC25347F8B0061CC73 /* border.png */; };
		A396D11725347F8C0061CC73 /* layout-active.png in Resources */ = {isa = PBXBuildFile; fileRef = A396D0FD25347F8B0061CC73 /* layout-active.png */; };
		A396D11825347F8C0061CC73 /* icon.png in Resources */ = {isa = PBXBuildFile; fileRef = A396D0FE25347F8B0061CC73 /* icon.png */; };
		A396D11925347F8C0061CC73 /* shadow-active.png in Resources */ = {isa = PBXBuildFile; fileRef = A396D0FF25347F8B0061CC73 /* shadow-active.png */; };
		A396D11A25347F8C0061CC73 /* margin-h.png in Resources */ = {isa = PBXBuildFile; fileRef = A396D10025347F8B0061CC73 /* margin-h.png */; };
		A396D11B25347F8C0061CC73 /* main.png in Resources */ = {isa = PBXBuildFile; fileRef = A396D10125347F8B0061CC73 /* main.png */; };
		A396D11C25347F8C0061CC73 /* text-margin.png in Resources */ = {isa = PBXBuildFile; fileRef = A396D10225347F8B0061CC73 /* text-margin.png */; };
		A396D11D25347F8C0061CC73 /* line-active.png in Resources */ = {isa = PBXBuildFile; fileRef = A396D10325347F8B0061CC73 /* line-active.png */; };
		A396D11E25347F8C0061CC73 /* margin-v-active.png in Resources */ = {isa = PBXBuildFile; fileRef = A396D10425347F8B0061CC73 /* margin-v-active.png */; };
		A396D11F25347F8C0061CC73 /* layout.png in Resources */ = {isa = PBXBuildFile; fileRef = A396D10525347F8B0061CC73 /* layout.png */; };
		A396D12025347F8C0061CC73 /* margin-h-active.png in Resources */ = {isa = PBXBuildFile; fileRef = A396D10625347F8B0061CC73 /* margin-h-active.png */; };
		A396D12125347F8C0061CC73 /* color.png in Resources */ = {isa = PBXBuildFile; fileRef = A396D10725347F8B0061CC73 /* color.png */; };
		A396D12225347F8C0061CC73 /* icon-active.png in Resources */ = {isa = PBXBuildFile; fileRef = A396D10825347F8B0061CC73 /* icon-active.png */; };
		A396D12325347F8C0061CC73 /* color-active.png in Resources */ = {isa = PBXBuildFile; fileRef = A396D10925347F8B0061CC73 /* color-active.png */; };
		A396D12425347F8C0061CC73 /* text-margin-active.png in Resources */ = {isa = PBXBuildFile; fileRef = A396D10A25347F8B0061CC73 /* text-margin-active.png */; };
		A396D12525347F8C0061CC73 /* shadow.png in Resources */ = {isa = PBXBuildFile; fileRef = A396D10B25347F8B0061CC73 /* shadow.png */; };
		A396D12625347F8C0061CC73 /* line.png in Resources */ = {isa = PBXBuildFile; fileRef = A396D10C25347F8B0061CC73 /* line.png */; };
		A396D12725347F8C0061CC73 /* mask.png in Resources */ = {isa = PBXBuildFile; fileRef = A396D10D25347F8B0061CC73 /* mask.png */; };
		A396D12825347F8C0061CC73 /* transparent.png in Resources */ = {isa = PBXBuildFile; fileRef = A396D10E25347F8B0061CC73 /* transparent.png */; };
		A396D12925347F8C0061CC73 /* margin-v.png in Resources */ = {isa = PBXBuildFile; fileRef = A396D10F25347F8B0061CC73 /* margin-v.png */; };
		A396D12A25347F8C0061CC73 /* text.png in Resources */ = {isa = PBXBuildFile; fileRef = A396D11025347F8B0061CC73 /* text.png */; };
		A397ACC825148BEA00286C6E /* Panel.h in Headers */ = {isa = PBXBuildFile; fileRef = A397ACC625148BEA00286C6E /* Panel.h */; };
		A397ACC925148BEA00286C6E /* Panel.m in Sources */ = {isa = PBXBuildFile; fileRef = A397ACC725148BEA00286C6E /* Panel.m */; settings = {COMPILER_FLAGS = "-fno-objc-arc"; }; };
		A3B5E221253828C40048F526 /* NVColorPanel.h in Headers */ = {isa = PBXBuildFile; fileRef = A3B5E21E253828C40048F526 /* NVColorPanel.h */; };
		A3B5E222253828C40048F526 /* NVColorPanel.m in Sources */ = {isa = PBXBuildFile; fileRef = A3B5E21F253828C40048F526 /* NVColorPanel.m */; settings = {COMPILER_FLAGS = "-fno-objc-arc"; }; };
		A3B5E223253828C40048F526 /* NVColorPanel.xib in Resources */ = {isa = PBXBuildFile; fileRef = A3B5E220253828C40048F526 /* NVColorPanel.xib */; };
		A3B5E22825382B460048F526 /* NVPanelHeader.h in Headers */ = {isa = PBXBuildFile; fileRef = A3B5E22525382B460048F526 /* NVPanelHeader.h */; };
		A3B5E22925382B470048F526 /* NVPanelHeader.m in Sources */ = {isa = PBXBuildFile; fileRef = A3B5E22625382B460048F526 /* NVPanelHeader.m */; settings = {COMPILER_FLAGS = "-fno-objc-arc"; }; };
		A3B5E22A25382B470048F526 /* NVPanelHeader.xib in Resources */ = {isa = PBXBuildFile; fileRef = A3B5E22725382B460048F526 /* NVPanelHeader.xib */; };
		A3B5E22D25382BE70048F526 /* NVPanelHeaderView.h in Headers */ = {isa = PBXBuildFile; fileRef = A3B5E22B25382BE70048F526 /* NVPanelHeaderView.h */; };
		A3B5E22E25382BE70048F526 /* NVPanelHeaderView.m in Sources */ = {isa = PBXBuildFile; fileRef = A3B5E22C25382BE70048F526 /* NVPanelHeaderView.m */; settings = {COMPILER_FLAGS = "-fno-objc-arc"; }; };
		A3E6094425109AB500C98536 /* Panel.xib in Resources */ = {isa = PBXBuildFile; fileRef = A3E6094325109AB500C98536 /* Panel.xib */; };
		A3EEF7EC253F033500C3998D /* NVCollectionDelegate.h in Headers */ = {isa = PBXBuildFile; fileRef = A3EEF7EA253F033500C3998D /* NVCollectionDelegate.h */; };
		A3EEF7ED253F033500C3998D /* NVCollectionDelegate.m in Sources */ = {isa = PBXBuildFile; fileRef = A3EEF7EB253F033500C3998D /* NVCollectionDelegate.m */; };
		A3EEF7F82540017300C3998D /* NVColorCollectionItem.h in Headers */ = {isa = PBXBuildFile; fileRef = A3EEF7F62540017300C3998D /* NVColorCollectionItem.h */; };
		A3EEF7F92540017300C3998D /* NVColorCollectionItem.m in Sources */ = {isa = PBXBuildFile; fileRef = A3EEF7F72540017300C3998D /* NVColorCollectionItem.m */; };
		A3EEF7FE25402F9900C3998D /* NVPanelInfoButton.h in Headers */ = {isa = PBXBuildFile; fileRef = A3EEF7FC25402F9900C3998D /* NVPanelInfoButton.h */; };
		A3EEF7FF25402F9900C3998D /* NVPanelInfoButton.m in Sources */ = {isa = PBXBuildFile; fileRef = A3EEF7FD25402F9900C3998D /* NVPanelInfoButton.m */; };
		A3FB3701253EC1F0001D152C /* NVTrackButton.h in Headers */ = {isa = PBXBuildFile; fileRef = A3FB36FF253EC1F0001D152C /* NVTrackButton.h */; };
		A3FB3702253EC1F0001D152C /* NVTrackButton.m in Sources */ = {isa = PBXBuildFile; fileRef = A3FB3700253EC1F0001D152C /* NVTrackButton.m */; };
		A3FB3705253EC2E2001D152C /* NVToggleBox.h in Headers */ = {isa = PBXBuildFile; fileRef = A3FB3703253EC2E2001D152C /* NVToggleBox.h */; };
		A3FB3706253EC2E2001D152C /* NVToggleBox.m in Sources */ = {isa = PBXBuildFile; fileRef = A3FB3704253EC2E2001D152C /* NVToggleBox.m */; };
		A3FB3709253ECD46001D152C /* NVColorCollectionItemView.h in Headers */ = {isa = PBXBuildFile; fileRef = A3FB3707253ECD46001D152C /* NVColorCollectionItemView.h */; };
		A3FB370A253ECD46001D152C /* NVColorCollectionItemView.m in Sources */ = {isa = PBXBuildFile; fileRef = A3FB3708253ECD46001D152C /* NVColorCollectionItemView.m */; };
		B2012D1C253C5B2A0003715E /* DisabledWheelScrollView.h in Headers */ = {isa = PBXBuildFile; fileRef = B2012D1A253C5B2A0003715E /* DisabledWheelScrollView.h */; };
		B2012D1D253C5B2A0003715E /* DisabledWheelScrollView.m in Sources */ = {isa = PBXBuildFile; fileRef = B2012D1B253C5B2A0003715E /* DisabledWheelScrollView.m */; settings = {COMPILER_FLAGS = "-fno-objc-arc"; }; };
		B226FF58253CAAEE009DD159 /* NVClipView.h in Headers */ = {isa = PBXBuildFile; fileRef = B226FF56253CAAEE009DD159 /* NVClipView.h */; };
		B226FF59253CAAEE009DD159 /* NVClipView.m in Sources */ = {isa = PBXBuildFile; fileRef = B226FF57253CAAEE009DD159 /* NVClipView.m */; settings = {COMPILER_FLAGS = "-fno-objc-arc"; }; };
		B226FF5C253CB447009DD159 /* NVCollectionController.h in Headers */ = {isa = PBXBuildFile; fileRef = B226FF5A253CB447009DD159 /* NVCollectionController.h */; };
		B226FF5D253CB447009DD159 /* NVCollectionController.m in Sources */ = {isa = PBXBuildFile; fileRef = B226FF5B253CB447009DD159 /* NVCollectionController.m */; settings = {COMPILER_FLAGS = "-fno-objc-arc"; }; };
		B23CA2962519855E00FB2416 /* HexColor.h in Headers */ = {isa = PBXBuildFile; fileRef = B23CA2942519855E00FB2416 /* HexColor.h */; };
		B286F6B92543BDA400984F2A /* RFOverlayScrollView.m in Sources */ = {isa = PBXBuildFile; fileRef = B286F6B52543BDA300984F2A /* RFOverlayScrollView.m */; };
		B286F6BA2543BDA400984F2A /* RFOverlayScroller.h in Headers */ = {isa = PBXBuildFile; fileRef = B286F6B62543BDA300984F2A /* RFOverlayScroller.h */; };
		B286F6BB2543BDA400984F2A /* RFOverlayScroller.m in Sources */ = {isa = PBXBuildFile; fileRef = B286F6B72543BDA300984F2A /* RFOverlayScroller.m */; };
		B286F6BC2543BDA400984F2A /* RFOverlayScrollView.h in Headers */ = {isa = PBXBuildFile; fileRef = B286F6B82543BDA400984F2A /* RFOverlayScrollView.h */; };
		B2A1D898250EE6CA004E59A4 /* Menu.xib in Resources */ = {isa = PBXBuildFile; fileRef = B2A1D897250EE6CA004E59A4 /* Menu.xib */; };
		B2E02AD825459FA700BBE87F /* NVLayer.h in Headers */ = {isa = PBXBuildFile; fileRef = B2E02AD625459FA700BBE87F /* NVLayer.h */; };
		B2E02AD925459FA700BBE87F /* NVLayer.m in Sources */ = {isa = PBXBuildFile; fileRef = B2E02AD725459FA700BBE87F /* NVLayer.m */; };
/* End PBXBuildFile section */

/* Begin PBXFileReference section */
		30D2479425429B1B0027602C /* NVLineCollectionView.h */ = {isa = PBXFileReference; lastKnownFileType = sourcecode.c.h; path = NVLineCollectionView.h; sourceTree = "<group>"; };
		30D2479525429B1B0027602C /* NVLineCollectionView.m */ = {isa = PBXFileReference; lastKnownFileType = sourcecode.c.objc; path = NVLineCollectionView.m; sourceTree = "<group>"; };
		30D2479C25429FAD0027602C /* NVLineSource.h */ = {isa = PBXFileReference; lastKnownFileType = sourcecode.c.h; path = NVLineSource.h; sourceTree = "<group>"; };
		30D2479D25429FAD0027602C /* NVLineSource.m */ = {isa = PBXFileReference; lastKnownFileType = sourcecode.c.objc; path = NVLineSource.m; sourceTree = "<group>"; };
		30D247A02542A7630027602C /* NVLineSectionHeader.h */ = {isa = PBXFileReference; lastKnownFileType = sourcecode.c.h; path = NVLineSectionHeader.h; sourceTree = "<group>"; };
		30D247A12542A7630027602C /* NVLineSectionHeader.m */ = {isa = PBXFileReference; lastKnownFileType = sourcecode.c.objc; path = NVLineSectionHeader.m; sourceTree = "<group>"; };
		30D247A52542E7080027602C /* NVLineCollectionItemView.h */ = {isa = PBXFileReference; lastKnownFileType = sourcecode.c.h; path = NVLineCollectionItemView.h; sourceTree = "<group>"; };
		30D247A62542E7080027602C /* NVLineCollectionItemView.m */ = {isa = PBXFileReference; lastKnownFileType = sourcecode.c.objc; path = NVLineCollectionItemView.m; sourceTree = "<group>"; };
		30D247A92542ECF00027602C /* NVLineCollectionItem.h */ = {isa = PBXFileReference; lastKnownFileType = sourcecode.c.h; path = NVLineCollectionItem.h; sourceTree = "<group>"; };
		30D247AA2542ECF00027602C /* NVLineCollectionItem.m */ = {isa = PBXFileReference; lastKnownFileType = sourcecode.c.objc; path = NVLineCollectionItem.m; sourceTree = "<group>"; };
		30D247AB2542ECF00027602C /* NVLineCollectionItem.xib */ = {isa = PBXFileReference; lastKnownFileType = file.xib; path = NVLineCollectionItem.xib; sourceTree = "<group>"; };
		A300364E25386EAF0093395D /* NVTextPanel.h */ = {isa = PBXFileReference; lastKnownFileType = sourcecode.c.h; path = NVTextPanel.h; sourceTree = "<group>"; };
		A300364F25386EAF0093395D /* NVTextPanel.m */ = {isa = PBXFileReference; lastKnownFileType = sourcecode.c.objc; path = NVTextPanel.m; sourceTree = "<group>"; };
		A300365025386EAF0093395D /* NVTextPanel.xib */ = {isa = PBXFileReference; lastKnownFileType = file.xib; path = NVTextPanel.xib; sourceTree = "<group>"; };
		A3003656253870E00093395D /* NVLinePanel.h */ = {isa = PBXFileReference; lastKnownFileType = sourcecode.c.h; path = NVLinePanel.h; sourceTree = "<group>"; };
		A3003657253870E00093395D /* NVLinePanel.m */ = {isa = PBXFileReference; lastKnownFileType = sourcecode.c.objc; path = NVLinePanel.m; sourceTree = "<group>"; };
		A3003658253870E00093395D /* NVLinePanel.xib */ = {isa = PBXFileReference; lastKnownFileType = file.xib; path = NVLinePanel.xib; sourceTree = "<group>"; };
		A300365C253870F40093395D /* NVMaskPanel.h */ = {isa = PBXFileReference; lastKnownFileType = sourcecode.c.h; path = NVMaskPanel.h; sourceTree = "<group>"; };
		A300365D253870F40093395D /* NVMaskPanel.m */ = {isa = PBXFileReference; lastKnownFileType = sourcecode.c.objc; path = NVMaskPanel.m; sourceTree = "<group>"; };
		A300365E253870F40093395D /* NVMaskPanel.xib */ = {isa = PBXFileReference; lastKnownFileType = file.xib; path = NVMaskPanel.xib; sourceTree = "<group>"; };
		A3003662253873300093395D /* CustomScroller.h */ = {isa = PBXFileReference; lastKnownFileType = sourcecode.c.h; path = CustomScroller.h; sourceTree = "<group>"; };
		A3003663253873300093395D /* CustomScroller.m */ = {isa = PBXFileReference; lastKnownFileType = sourcecode.c.objc; path = CustomScroller.m; sourceTree = "<group>"; };
		A32ED9922511D4E100EBCE68 /* Menu.h */ = {isa = PBXFileReference; lastKnownFileType = sourcecode.c.h; path = Menu.h; sourceTree = "<group>"; };
		A32ED9932511D4E100EBCE68 /* Menu.m */ = {isa = PBXFileReference; lastKnownFileType = sourcecode.c.objc; path = Menu.m; sourceTree = "<group>"; };
		A3453B5A2535C5E2007AFFCC /* Config.h */ = {isa = PBXFileReference; lastKnownFileType = sourcecode.c.h; path = Config.h; sourceTree = "<group>"; };
		A3453B5B2535C5E2007AFFCC /* Config.m */ = {isa = PBXFileReference; lastKnownFileType = sourcecode.c.objc; path = Config.m; sourceTree = "<group>"; };
		A3453B6625381A19007AFFCC /* FlippedClipView.h */ = {isa = PBXFileReference; lastKnownFileType = sourcecode.c.h; path = FlippedClipView.h; sourceTree = "<group>"; };
		A3453B6725381A19007AFFCC /* FlippedClipView.m */ = {isa = PBXFileReference; lastKnownFileType = sourcecode.c.objc; path = FlippedClipView.m; sourceTree = "<group>"; };
		A34728A1253886B700EC18ED /* NVPanelController.h */ = {isa = PBXFileReference; lastKnownFileType = sourcecode.c.h; path = NVPanelController.h; sourceTree = "<group>"; };
		A34728A2253886B700EC18ED /* NVPanelController.m */ = {isa = PBXFileReference; lastKnownFileType = sourcecode.c.objc; path = NVPanelController.m; sourceTree = "<group>"; };
		A34728A8253988FC00EC18ED /* NVColorCollectionView.h */ = {isa = PBXFileReference; lastKnownFileType = sourcecode.c.h; path = NVColorCollectionView.h; sourceTree = "<group>"; };
		A34728A9253988FC00EC18ED /* NVColorCollectionView.m */ = {isa = PBXFileReference; lastKnownFileType = sourcecode.c.objc; path = NVColorCollectionView.m; sourceTree = "<group>"; };
		A34728AC2539897200EC18ED /* NVColorSectionHeader.h */ = {isa = PBXFileReference; lastKnownFileType = sourcecode.c.h; path = NVColorSectionHeader.h; sourceTree = "<group>"; };
		A34728AD2539897200EC18ED /* NVColorSectionHeader.m */ = {isa = PBXFileReference; lastKnownFileType = sourcecode.c.objc; path = NVColorSectionHeader.m; sourceTree = "<group>"; };
		A34728B22539918500EC18ED /* NVColorCollectionItem.xib */ = {isa = PBXFileReference; lastKnownFileType = file.xib; path = NVColorCollectionItem.xib; sourceTree = "<group>"; };
		A3522954253D6C3A00F42D58 /* NVCollectionView.h */ = {isa = PBXFileReference; lastKnownFileType = sourcecode.c.h; path = NVCollectionView.h; sourceTree = "<group>"; };
		A3522955253D6C3A00F42D58 /* NVCollectionView.m */ = {isa = PBXFileReference; lastKnownFileType = sourcecode.c.objc; path = NVCollectionView.m; sourceTree = "<group>"; };
		A352295C253DA5D400F42D58 /* NVColorSource.h */ = {isa = PBXFileReference; lastKnownFileType = sourcecode.c.h; path = NVColorSource.h; sourceTree = "<group>"; };
		A352295D253DA5D400F42D58 /* NVColorSource.m */ = {isa = PBXFileReference; lastKnownFileType = sourcecode.c.objc; path = NVColorSource.m; sourceTree = "<group>"; };
		A3522960253DA8B900F42D58 /* NVSource.h */ = {isa = PBXFileReference; lastKnownFileType = sourcecode.c.h; path = NVSource.h; sourceTree = "<group>"; };
		A38993F4250B859F00211D90 /* Navi.framework */ = {isa = PBXFileReference; explicitFileType = wrapper.framework; includeInIndex = 0; path = Navi.framework; sourceTree = BUILT_PRODUCTS_DIR; };
		A38993F7250B859F00211D90 /* Navi.h */ = {isa = PBXFileReference; lastKnownFileType = sourcecode.c.h; path = Navi.h; sourceTree = "<group>"; };
		A38993F8250B85A000211D90 /* Info.plist */ = {isa = PBXFileReference; lastKnownFileType = text.plist.xml; path = Info.plist; sourceTree = "<group>"; };
		A396D0D2251DE63B0061CC73 /* DataChangeProtocol.h */ = {isa = PBXFileReference; lastKnownFileType = sourcecode.c.h; path = DataChangeProtocol.h; sourceTree = "<group>"; };
		A396D0E825346F990061CC73 /* Util.h */ = {isa = PBXFileReference; lastKnownFileType = sourcecode.c.h; name = Util.h; path = Navi/lib/Util.h; sourceTree = SOURCE_ROOT; };
		A396D0E925346F990061CC73 /* Util.m */ = {isa = PBXFileReference; lastKnownFileType = sourcecode.c.objc; name = Util.m; path = Navi/lib/Util.m; sourceTree = SOURCE_ROOT; };
		A396D0F825347F8B0061CC73 /* mask-active.png */ = {isa = PBXFileReference; lastKnownFileType = image.png; path = "mask-active.png"; sourceTree = "<group>"; };
		A396D0F925347F8B0061CC73 /* border-active.png */ = {isa = PBXFileReference; lastKnownFileType = image.png; path = "border-active.png"; sourceTree = "<group>"; };
		A396D0FA25347F8B0061CC73 /* text-active.png */ = {isa = PBXFileReference; lastKnownFileType = image.png; path = "text-active.png"; sourceTree = "<group>"; };
		A396D0FB25347F8B0061CC73 /* main-active.png */ = {isa = PBXFileReference; lastKnownFileType = image.png; path = "main-active.png"; sourceTree = "<group>"; };
		A396D0FC25347F8B0061CC73 /* border.png */ = {isa = PBXFileReference; lastKnownFileType = image.png; path = border.png; sourceTree = "<group>"; };
		A396D0FD25347F8B0061CC73 /* layout-active.png */ = {isa = PBXFileReference; lastKnownFileType = image.png; path = "layout-active.png"; sourceTree = "<group>"; };
		A396D0FE25347F8B0061CC73 /* icon.png */ = {isa = PBXFileReference; lastKnownFileType = image.png; path = icon.png; sourceTree = "<group>"; };
		A396D0FF25347F8B0061CC73 /* shadow-active.png */ = {isa = PBXFileReference; lastKnownFileType = image.png; path = "shadow-active.png"; sourceTree = "<group>"; };
		A396D10025347F8B0061CC73 /* margin-h.png */ = {isa = PBXFileReference; lastKnownFileType = image.png; path = "margin-h.png"; sourceTree = "<group>"; };
		A396D10125347F8B0061CC73 /* main.png */ = {isa = PBXFileReference; lastKnownFileType = image.png; path = main.png; sourceTree = "<group>"; };
		A396D10225347F8B0061CC73 /* text-margin.png */ = {isa = PBXFileReference; lastKnownFileType = image.png; path = "text-margin.png"; sourceTree = "<group>"; };
		A396D10325347F8B0061CC73 /* line-active.png */ = {isa = PBXFileReference; lastKnownFileType = image.png; path = "line-active.png"; sourceTree = "<group>"; };
		A396D10425347F8B0061CC73 /* margin-v-active.png */ = {isa = PBXFileReference; lastKnownFileType = image.png; path = "margin-v-active.png"; sourceTree = "<group>"; };
		A396D10525347F8B0061CC73 /* layout.png */ = {isa = PBXFileReference; lastKnownFileType = image.png; path = layout.png; sourceTree = "<group>"; };
		A396D10625347F8B0061CC73 /* margin-h-active.png */ = {isa = PBXFileReference; lastKnownFileType = image.png; path = "margin-h-active.png"; sourceTree = "<group>"; };
		A396D10725347F8B0061CC73 /* color.png */ = {isa = PBXFileReference; lastKnownFileType = image.png; path = color.png; sourceTree = "<group>"; };
		A396D10825347F8B0061CC73 /* icon-active.png */ = {isa = PBXFileReference; lastKnownFileType = image.png; path = "icon-active.png"; sourceTree = "<group>"; };
		A396D10925347F8B0061CC73 /* color-active.png */ = {isa = PBXFileReference; lastKnownFileType = image.png; path = "color-active.png"; sourceTree = "<group>"; };
		A396D10A25347F8B0061CC73 /* text-margin-active.png */ = {isa = PBXFileReference; lastKnownFileType = image.png; path = "text-margin-active.png"; sourceTree = "<group>"; };
		A396D10B25347F8B0061CC73 /* shadow.png */ = {isa = PBXFileReference; lastKnownFileType = image.png; path = shadow.png; sourceTree = "<group>"; };
		A396D10C25347F8B0061CC73 /* line.png */ = {isa = PBXFileReference; lastKnownFileType = image.png; path = line.png; sourceTree = "<group>"; };
		A396D10D25347F8B0061CC73 /* mask.png */ = {isa = PBXFileReference; lastKnownFileType = image.png; path = mask.png; sourceTree = "<group>"; };
		A396D10E25347F8B0061CC73 /* transparent.png */ = {isa = PBXFileReference; lastKnownFileType = image.png; path = transparent.png; sourceTree = "<group>"; };
		A396D10F25347F8B0061CC73 /* margin-v.png */ = {isa = PBXFileReference; lastKnownFileType = image.png; path = "margin-v.png"; sourceTree = "<group>"; };
		A396D11025347F8B0061CC73 /* text.png */ = {isa = PBXFileReference; lastKnownFileType = image.png; path = text.png; sourceTree = "<group>"; };
		A397ACC625148BEA00286C6E /* Panel.h */ = {isa = PBXFileReference; lastKnownFileType = sourcecode.c.h; path = Panel.h; sourceTree = "<group>"; };
		A397ACC725148BEA00286C6E /* Panel.m */ = {isa = PBXFileReference; lastKnownFileType = sourcecode.c.objc; path = Panel.m; sourceTree = "<group>"; };
		A3B5E21E253828C40048F526 /* NVColorPanel.h */ = {isa = PBXFileReference; lastKnownFileType = sourcecode.c.h; path = NVColorPanel.h; sourceTree = "<group>"; };
		A3B5E21F253828C40048F526 /* NVColorPanel.m */ = {isa = PBXFileReference; lastKnownFileType = sourcecode.c.objc; path = NVColorPanel.m; sourceTree = "<group>"; };
		A3B5E220253828C40048F526 /* NVColorPanel.xib */ = {isa = PBXFileReference; lastKnownFileType = file.xib; path = NVColorPanel.xib; sourceTree = "<group>"; };
		A3B5E22525382B460048F526 /* NVPanelHeader.h */ = {isa = PBXFileReference; lastKnownFileType = sourcecode.c.h; path = NVPanelHeader.h; sourceTree = "<group>"; };
		A3B5E22625382B460048F526 /* NVPanelHeader.m */ = {isa = PBXFileReference; lastKnownFileType = sourcecode.c.objc; path = NVPanelHeader.m; sourceTree = "<group>"; };
		A3B5E22725382B460048F526 /* NVPanelHeader.xib */ = {isa = PBXFileReference; lastKnownFileType = file.xib; path = NVPanelHeader.xib; sourceTree = "<group>"; };
		A3B5E22B25382BE70048F526 /* NVPanelHeaderView.h */ = {isa = PBXFileReference; lastKnownFileType = sourcecode.c.h; path = NVPanelHeaderView.h; sourceTree = "<group>"; };
		A3B5E22C25382BE70048F526 /* NVPanelHeaderView.m */ = {isa = PBXFileReference; lastKnownFileType = sourcecode.c.objc; path = NVPanelHeaderView.m; sourceTree = "<group>"; };
		A3E6094325109AB500C98536 /* Panel.xib */ = {isa = PBXFileReference; lastKnownFileType = file.xib; path = Panel.xib; sourceTree = "<group>"; };
		A3EE0FE5254059E900C3998D /* MSDocument.h */ = {isa = PBXFileReference; lastKnownFileType = sourcecode.c.h; path = MSDocument.h; sourceTree = "<group>"; };
		A3EE0FE625405AEE00C3998D /* MSLayer.h */ = {isa = PBXFileReference; lastKnownFileType = sourcecode.c.h; path = MSLayer.h; sourceTree = "<group>"; };
		A3EE0FE72540612E00C3998D /* MSStyle.h */ = {isa = PBXFileReference; lastKnownFileType = sourcecode.c.h; path = MSStyle.h; sourceTree = "<group>"; };
		A3EE0FE82540614600C3998D /* MSStyleFill.h */ = {isa = PBXFileReference; lastKnownFileType = sourcecode.c.h; path = MSStyleFill.h; sourceTree = "<group>"; };
		A3EE0FE92540649F00C3998D /* MSColor.h */ = {isa = PBXFileReference; lastKnownFileType = sourcecode.c.h; path = MSColor.h; sourceTree = "<group>"; };
		A3EEF7EA253F033500C3998D /* NVCollectionDelegate.h */ = {isa = PBXFileReference; lastKnownFileType = sourcecode.c.h; path = NVCollectionDelegate.h; sourceTree = "<group>"; };
		A3EEF7EB253F033500C3998D /* NVCollectionDelegate.m */ = {isa = PBXFileReference; lastKnownFileType = sourcecode.c.objc; path = NVCollectionDelegate.m; sourceTree = "<group>"; };
		A3EEF7F62540017300C3998D /* NVColorCollectionItem.h */ = {isa = PBXFileReference; lastKnownFileType = sourcecode.c.h; path = NVColorCollectionItem.h; sourceTree = "<group>"; };
		A3EEF7F72540017300C3998D /* NVColorCollectionItem.m */ = {isa = PBXFileReference; lastKnownFileType = sourcecode.c.objc; path = NVColorCollectionItem.m; sourceTree = "<group>"; };
		A3EEF7FC25402F9900C3998D /* NVPanelInfoButton.h */ = {isa = PBXFileReference; lastKnownFileType = sourcecode.c.h; path = NVPanelInfoButton.h; sourceTree = "<group>"; };
		A3EEF7FD25402F9900C3998D /* NVPanelInfoButton.m */ = {isa = PBXFileReference; lastKnownFileType = sourcecode.c.objc; path = NVPanelInfoButton.m; sourceTree = "<group>"; };
		A3F982D0254668C200072AAA /* MSStyleBorder.h */ = {isa = PBXFileReference; lastKnownFileType = sourcecode.c.h; path = MSStyleBorder.h; sourceTree = "<group>"; };
		A3FB36FF253EC1F0001D152C /* NVTrackButton.h */ = {isa = PBXFileReference; lastKnownFileType = sourcecode.c.h; path = NVTrackButton.h; sourceTree = "<group>"; };
		A3FB3700253EC1F0001D152C /* NVTrackButton.m */ = {isa = PBXFileReference; lastKnownFileType = sourcecode.c.objc; path = NVTrackButton.m; sourceTree = "<group>"; };
		A3FB3703253EC2E2001D152C /* NVToggleBox.h */ = {isa = PBXFileReference; lastKnownFileType = sourcecode.c.h; path = NVToggleBox.h; sourceTree = "<group>"; };
		A3FB3704253EC2E2001D152C /* NVToggleBox.m */ = {isa = PBXFileReference; lastKnownFileType = sourcecode.c.objc; path = NVToggleBox.m; sourceTree = "<group>"; };
		A3FB3707253ECD46001D152C /* NVColorCollectionItemView.h */ = {isa = PBXFileReference; lastKnownFileType = sourcecode.c.h; path = NVColorCollectionItemView.h; sourceTree = "<group>"; };
		A3FB3708253ECD46001D152C /* NVColorCollectionItemView.m */ = {isa = PBXFileReference; lastKnownFileType = sourcecode.c.objc; path = NVColorCollectionItemView.m; sourceTree = "<group>"; };
		B2012D1A253C5B2A0003715E /* DisabledWheelScrollView.h */ = {isa = PBXFileReference; lastKnownFileType = sourcecode.c.h; path = DisabledWheelScrollView.h; sourceTree = "<group>"; };
		B2012D1B253C5B2A0003715E /* DisabledWheelScrollView.m */ = {isa = PBXFileReference; lastKnownFileType = sourcecode.c.objc; path = DisabledWheelScrollView.m; sourceTree = "<group>"; };
		B226FF56253CAAEE009DD159 /* NVClipView.h */ = {isa = PBXFileReference; lastKnownFileType = sourcecode.c.h; path = NVClipView.h; sourceTree = "<group>"; };
		B226FF57253CAAEE009DD159 /* NVClipView.m */ = {isa = PBXFileReference; lastKnownFileType = sourcecode.c.objc; path = NVClipView.m; sourceTree = "<group>"; };
		B226FF5A253CB447009DD159 /* NVCollectionController.h */ = {isa = PBXFileReference; lastKnownFileType = sourcecode.c.h; path = NVCollectionController.h; sourceTree = "<group>"; };
		B226FF5B253CB447009DD159 /* NVCollectionController.m */ = {isa = PBXFileReference; lastKnownFileType = sourcecode.c.objc; path = NVCollectionController.m; sourceTree = "<group>"; };
		B23CA2942519855E00FB2416 /* HexColor.h */ = {isa = PBXFileReference; lastKnownFileType = sourcecode.c.h; path = HexColor.h; sourceTree = "<group>"; };
		B286F6B52543BDA300984F2A /* RFOverlayScrollView.m */ = {isa = PBXFileReference; fileEncoding = 4; lastKnownFileType = sourcecode.c.objc; path = RFOverlayScrollView.m; sourceTree = "<group>"; };
		B286F6B62543BDA300984F2A /* RFOverlayScroller.h */ = {isa = PBXFileReference; fileEncoding = 4; lastKnownFileType = sourcecode.c.h; path = RFOverlayScroller.h; sourceTree = "<group>"; };
		B286F6B72543BDA300984F2A /* RFOverlayScroller.m */ = {isa = PBXFileReference; fileEncoding = 4; lastKnownFileType = sourcecode.c.objc; path = RFOverlayScroller.m; sourceTree = "<group>"; };
		B286F6B82543BDA400984F2A /* RFOverlayScrollView.h */ = {isa = PBXFileReference; fileEncoding = 4; lastKnownFileType = sourcecode.c.h; path = RFOverlayScrollView.h; sourceTree = "<group>"; };
		B2A1D897250EE6CA004E59A4 /* Menu.xib */ = {isa = PBXFileReference; lastKnownFileType = file.xib; path = Menu.xib; sourceTree = "<group>"; };
		B2E02AD625459FA700BBE87F /* NVLayer.h */ = {isa = PBXFileReference; lastKnownFileType = sourcecode.c.h; path = NVLayer.h; sourceTree = "<group>"; };
		B2E02AD725459FA700BBE87F /* NVLayer.m */ = {isa = PBXFileReference; lastKnownFileType = sourcecode.c.objc; path = NVLayer.m; sourceTree = "<group>"; };
/* End PBXFileReference section */

/* Begin PBXFrameworksBuildPhase section */
		A38993F1250B859F00211D90 /* Frameworks */ = {
			isa = PBXFrameworksBuildPhase;
			buildActionMask = 2147483647;
			files = (
			);
			runOnlyForDeploymentPostprocessing = 0;
		};
/* End PBXFrameworksBuildPhase section */

/* Begin PBXGroup section */
		30D247A42542E5FE0027602C /* Item */ = {
			isa = PBXGroup;
			children = (
				30D247A52542E7080027602C /* NVLineCollectionItemView.h */,
				30D247A62542E7080027602C /* NVLineCollectionItemView.m */,
				30D247A92542ECF00027602C /* NVLineCollectionItem.h */,
				30D247AA2542ECF00027602C /* NVLineCollectionItem.m */,
				30D247AB2542ECF00027602C /* NVLineCollectionItem.xib */,
			);
			path = Item;
			sourceTree = "<group>";
		};
		A300364D25386E530093395D /* Text */ = {
			isa = PBXGroup;
			children = (
				A300364E25386EAF0093395D /* NVTextPanel.h */,
				A300364F25386EAF0093395D /* NVTextPanel.m */,
				A300365025386EAF0093395D /* NVTextPanel.xib */,
			);
			path = Text;
			sourceTree = "<group>";
		};
		A3003654253870750093395D /* Mask */ = {
			isa = PBXGroup;
			children = (
				A300365C253870F40093395D /* NVMaskPanel.h */,
				A300365D253870F40093395D /* NVMaskPanel.m */,
				A300365E253870F40093395D /* NVMaskPanel.xib */,
			);
			path = Mask;
			sourceTree = "<group>";
		};
		A3003655253870820093395D /* Line */ = {
			isa = PBXGroup;
			children = (
				30D247A42542E5FE0027602C /* Item */,
				A3003656253870E00093395D /* NVLinePanel.h */,
				A3003657253870E00093395D /* NVLinePanel.m */,
				A3003658253870E00093395D /* NVLinePanel.xib */,
				30D2479425429B1B0027602C /* NVLineCollectionView.h */,
				30D2479525429B1B0027602C /* NVLineCollectionView.m */,
				30D2479C25429FAD0027602C /* NVLineSource.h */,
				30D2479D25429FAD0027602C /* NVLineSource.m */,
				30D247A02542A7630027602C /* NVLineSectionHeader.h */,
				30D247A12542A7630027602C /* NVLineSectionHeader.m */,
			);
			path = Line;
			sourceTree = "<group>";
		};
		A38993EA250B859F00211D90 = {
			isa = PBXGroup;
			children = (
				A38993F6250B859F00211D90 /* Navi */,
				A38993F5250B859F00211D90 /* Products */,
			);
			sourceTree = "<group>";
		};
		A38993F5250B859F00211D90 /* Products */ = {
			isa = PBXGroup;
			children = (
				A38993F4250B859F00211D90 /* Navi.framework */,
			);
			name = Products;
			sourceTree = "<group>";
		};
		A38993F6250B859F00211D90 /* Navi */ = {
			isa = PBXGroup;
			children = (
				A396D0F525347F8B0061CC73 /* Assets */,
				B23CA2932519852600FB2416 /* Lib */,
				A3B148E425162C0E00939B36 /* Componetns */,
				A3B148E3251628D500939B36 /* Headers */,
				A38993F7250B859F00211D90 /* Navi.h */,
				A38993F8250B85A000211D90 /* Info.plist */,
				A32ED9922511D4E100EBCE68 /* Menu.h */,
				A32ED9932511D4E100EBCE68 /* Menu.m */,
				B2A1D897250EE6CA004E59A4 /* Menu.xib */,
				A397ACC625148BEA00286C6E /* Panel.h */,
				A397ACC725148BEA00286C6E /* Panel.m */,
				A3E6094325109AB500C98536 /* Panel.xib */,
				A3453B5A2535C5E2007AFFCC /* Config.h */,
				A3453B5B2535C5E2007AFFCC /* Config.m */,
			);
			path = Navi;
			sourceTree = "<group>";
		};
		A396D0F525347F8B0061CC73 /* Assets */ = {
			isa = PBXGroup;
			children = (
				A396D0F725347F8B0061CC73 /* icons */,
			);
			path = Assets;
			sourceTree = "<group>";
		};
		A396D0F725347F8B0061CC73 /* icons */ = {
			isa = PBXGroup;
			children = (
				A396D0F825347F8B0061CC73 /* mask-active.png */,
				A396D0F925347F8B0061CC73 /* border-active.png */,
				A396D0FA25347F8B0061CC73 /* text-active.png */,
				A396D0FB25347F8B0061CC73 /* main-active.png */,
				A396D0FC25347F8B0061CC73 /* border.png */,
				A396D0FD25347F8B0061CC73 /* layout-active.png */,
				A396D0FE25347F8B0061CC73 /* icon.png */,
				A396D0FF25347F8B0061CC73 /* shadow-active.png */,
				A396D10025347F8B0061CC73 /* margin-h.png */,
				A396D10125347F8B0061CC73 /* main.png */,
				A396D10225347F8B0061CC73 /* text-margin.png */,
				A396D10325347F8B0061CC73 /* line-active.png */,
				A396D10425347F8B0061CC73 /* margin-v-active.png */,
				A396D10525347F8B0061CC73 /* layout.png */,
				A396D10625347F8B0061CC73 /* margin-h-active.png */,
				A396D10725347F8B0061CC73 /* color.png */,
				A396D10825347F8B0061CC73 /* icon-active.png */,
				A396D10925347F8B0061CC73 /* color-active.png */,
				A396D10A25347F8B0061CC73 /* text-margin-active.png */,
				A396D10B25347F8B0061CC73 /* shadow.png */,
				A396D10C25347F8B0061CC73 /* line.png */,
				A396D10D25347F8B0061CC73 /* mask.png */,
				A396D10E25347F8B0061CC73 /* transparent.png */,
				A396D10F25347F8B0061CC73 /* margin-v.png */,
				A396D11025347F8B0061CC73 /* text.png */,
			);
			path = icons;
			sourceTree = "<group>";
		};
		A3B148E3251628D500939B36 /* Headers */ = {
			isa = PBXGroup;
			children = (
				A3EE0FE4254059D600C3998D /* Sketch */,
				A396D0D2251DE63B0061CC73 /* DataChangeProtocol.h */,
			);
			path = Headers;
			sourceTree = "<group>";
		};
		A3B148E425162C0E00939B36 /* Componetns */ = {
			isa = PBXGroup;
			children = (
				A3B5E22425382A8F0048F526 /* Common */,
				A3EB367425188D85006B01F0 /* Color */,
				A300364D25386E530093395D /* Text */,
				A3003655253870820093395D /* Line */,
				A3003654253870750093395D /* Mask */,
			);
			path = Componetns;
			sourceTree = "<group>";
		};
		A3B5E22425382A8F0048F526 /* Common */ = {
			isa = PBXGroup;
			children = (
				A3EEF7FB25402F5000C3998D /* PanelHeader */,
				B226FF51253CA23C009DD159 /* Collection */,
				B226FF50253CA1F6009DD159 /* Scroller */,
				A3FB36FF253EC1F0001D152C /* NVTrackButton.h */,
				A3FB3700253EC1F0001D152C /* NVTrackButton.m */,
				A3522960253DA8B900F42D58 /* NVSource.h */,
				A34728A1253886B700EC18ED /* NVPanelController.h */,
				A34728A2253886B700EC18ED /* NVPanelController.m */,
			);
			path = Common;
			sourceTree = "<group>";
		};
		A3EB367425188D85006B01F0 /* Color */ = {
			isa = PBXGroup;
			children = (
				A3B5E21E253828C40048F526 /* NVColorPanel.h */,
				A3B5E21F253828C40048F526 /* NVColorPanel.m */,
				A3B5E220253828C40048F526 /* NVColorPanel.xib */,
				A3EEF7FA2540044F00C3998D /* Item */,
				A352295C253DA5D400F42D58 /* NVColorSource.h */,
				A352295D253DA5D400F42D58 /* NVColorSource.m */,
				A34728A8253988FC00EC18ED /* NVColorCollectionView.h */,
				A34728A9253988FC00EC18ED /* NVColorCollectionView.m */,
				A34728AC2539897200EC18ED /* NVColorSectionHeader.h */,
				A34728AD2539897200EC18ED /* NVColorSectionHeader.m */,
			);
			path = Color;
			sourceTree = "<group>";
		};
		A3EE0FE4254059D600C3998D /* Sketch */ = {
			isa = PBXGroup;
			children = (
				A3EE0FE5254059E900C3998D /* MSDocument.h */,
				A3EE0FE625405AEE00C3998D /* MSLayer.h */,
				A3EE0FE72540612E00C3998D /* MSStyle.h */,
				A3EE0FE82540614600C3998D /* MSStyleFill.h */,
				A3F982D0254668C200072AAA /* MSStyleBorder.h */,
				A3EE0FE92540649F00C3998D /* MSColor.h */,
			);
			path = Sketch;
			sourceTree = "<group>";
		};
		A3EEF7FA2540044F00C3998D /* Item */ = {
			isa = PBXGroup;
			children = (
				A3EEF7F62540017300C3998D /* NVColorCollectionItem.h */,
				A3EEF7F72540017300C3998D /* NVColorCollectionItem.m */,
				A34728B22539918500EC18ED /* NVColorCollectionItem.xib */,
				A3FB3707253ECD46001D152C /* NVColorCollectionItemView.h */,
				A3FB3708253ECD46001D152C /* NVColorCollectionItemView.m */,
			);
			path = Item;
			sourceTree = "<group>";
		};
		A3EEF7FB25402F5000C3998D /* PanelHeader */ = {
			isa = PBXGroup;
			children = (
				A3B5E22525382B460048F526 /* NVPanelHeader.h */,
				A3B5E22625382B460048F526 /* NVPanelHeader.m */,
				A3B5E22725382B460048F526 /* NVPanelHeader.xib */,
				A3B5E22B25382BE70048F526 /* NVPanelHeaderView.h */,
				A3B5E22C25382BE70048F526 /* NVPanelHeaderView.m */,
				A3EEF7FC25402F9900C3998D /* NVPanelInfoButton.h */,
				A3EEF7FD25402F9900C3998D /* NVPanelInfoButton.m */,
			);
			path = PanelHeader;
			sourceTree = "<group>";
		};
		B226FF50253CA1F6009DD159 /* Scroller */ = {
			isa = PBXGroup;
			children = (
				B286F6B62543BDA300984F2A /* RFOverlayScroller.h */,
				B286F6B72543BDA300984F2A /* RFOverlayScroller.m */,
				B286F6B82543BDA400984F2A /* RFOverlayScrollView.h */,
				B286F6B52543BDA300984F2A /* RFOverlayScrollView.m */,
				A3453B6625381A19007AFFCC /* FlippedClipView.h */,
				A3453B6725381A19007AFFCC /* FlippedClipView.m */,
				B2012D1A253C5B2A0003715E /* DisabledWheelScrollView.h */,
				B2012D1B253C5B2A0003715E /* DisabledWheelScrollView.m */,
				A3003662253873300093395D /* CustomScroller.h */,
				A3003663253873300093395D /* CustomScroller.m */,
			);
			path = Scroller;
			sourceTree = "<group>";
		};
		B226FF51253CA23C009DD159 /* Collection */ = {
			isa = PBXGroup;
			children = (
				B226FF56253CAAEE009DD159 /* NVClipView.h */,
				B226FF57253CAAEE009DD159 /* NVClipView.m */,
				A3522954253D6C3A00F42D58 /* NVCollectionView.h */,
				A3522955253D6C3A00F42D58 /* NVCollectionView.m */,
				B226FF5A253CB447009DD159 /* NVCollectionController.h */,
				B226FF5B253CB447009DD159 /* NVCollectionController.m */,
				A3FB3703253EC2E2001D152C /* NVToggleBox.h */,
				A3FB3704253EC2E2001D152C /* NVToggleBox.m */,
				A3EEF7EA253F033500C3998D /* NVCollectionDelegate.h */,
				A3EEF7EB253F033500C3998D /* NVCollectionDelegate.m */,
			);
			path = Collection;
			sourceTree = "<group>";
		};
		B23CA2932519852600FB2416 /* Lib */ = {
			isa = PBXGroup;
			children = (
				B23CA2942519855E00FB2416 /* HexColor.h */,
				A396D0E825346F990061CC73 /* Util.h */,
				A396D0E925346F990061CC73 /* Util.m */,
				B2E02AD625459FA700BBE87F /* NVLayer.h */,
				B2E02AD725459FA700BBE87F /* NVLayer.m */,
			);
			path = Lib;
			sourceTree = "<group>";
		};
/* End PBXGroup section */

/* Begin PBXHeadersBuildPhase section */
		A38993EF250B859F00211D90 /* Headers */ = {
			isa = PBXHeadersBuildPhase;
			buildActionMask = 2147483647;
			files = (
				B23CA2962519855E00FB2416 /* HexColor.h in Headers */,
				30D2479E25429FAD0027602C /* NVLineSource.h in Headers */,
				A3EEF7F82540017300C3998D /* NVColorCollectionItem.h in Headers */,
				A32ED9942511D4E100EBCE68 /* Menu.h in Headers */,
				A3EEF7EC253F033500C3998D /* NVCollectionDelegate.h in Headers */,
				30D2479625429B1B0027602C /* NVLineCollectionView.h in Headers */,
				A3522956253D6C3A00F42D58 /* NVCollectionView.h in Headers */,
				A396D0EA25346F990061CC73 /* Util.h in Headers */,
				A34728A3253886B700EC18ED /* NVPanelController.h in Headers */,
				A300365F253870F40093395D /* NVMaskPanel.h in Headers */,
				B286F6BA2543BDA400984F2A /* RFOverlayScroller.h in Headers */,
				B2012D1C253C5B2A0003715E /* DisabledWheelScrollView.h in Headers */,
				A3FB3705253EC2E2001D152C /* NVToggleBox.h in Headers */,
				A34728AA253988FC00EC18ED /* NVColorCollectionView.h in Headers */,
				A352295E253DA5D400F42D58 /* NVColorSource.h in Headers */,
				B226FF58253CAAEE009DD159 /* NVClipView.h in Headers */,
				A3003659253870E00093395D /* NVLinePanel.h in Headers */,
				A38993F9250B85A000211D90 /* Navi.h in Headers */,
				A300365125386EAF0093395D /* NVTextPanel.h in Headers */,
				A34728AE2539897200EC18ED /* NVColorSectionHeader.h in Headers */,
				30D247A22542A7630027602C /* NVLineSectionHeader.h in Headers */,
				B2E02AD825459FA700BBE87F /* NVLayer.h in Headers */,
				30D247A72542E7080027602C /* NVLineCollectionItemView.h in Headers */,
				B226FF5C253CB447009DD159 /* NVCollectionController.h in Headers */,
				A3FB3701253EC1F0001D152C /* NVTrackButton.h in Headers */,
				A3522962253DA8B900F42D58 /* NVSource.h in Headers */,
				A3B5E22825382B460048F526 /* NVPanelHeader.h in Headers */,
				A397ACC825148BEA00286C6E /* Panel.h in Headers */,
				A3B5E22D25382BE70048F526 /* NVPanelHeaderView.h in Headers */,
				A3FB3709253ECD46001D152C /* NVColorCollectionItemView.h in Headers */,
				A3B5E221253828C40048F526 /* NVColorPanel.h in Headers */,
				A3453B6825381A19007AFFCC /* FlippedClipView.h in Headers */,
				A3EEF7FE25402F9900C3998D /* NVPanelInfoButton.h in Headers */,
				B286F6BC2543BDA400984F2A /* RFOverlayScrollView.h in Headers */,
				A3453B5C2535C5E2007AFFCC /* Config.h in Headers */,
				30D247AC2542ECF00027602C /* NVLineCollectionItem.h in Headers */,
				A3003664253873300093395D /* CustomScroller.h in Headers */,
			);
			runOnlyForDeploymentPostprocessing = 0;
		};
/* End PBXHeadersBuildPhase section */

/* Begin PBXNativeTarget section */
		A38993F3250B859F00211D90 /* Navi */ = {
			isa = PBXNativeTarget;
			buildConfigurationList = A38993FC250B85A000211D90 /* Build configuration list for PBXNativeTarget "Navi" */;
			buildPhases = (
				A38993EF250B859F00211D90 /* Headers */,
				A38993F0250B859F00211D90 /* Sources */,
				A38993F1250B859F00211D90 /* Frameworks */,
				A38993F2250B859F00211D90 /* Resources */,
			);
			buildRules = (
			);
			dependencies = (
			);
			name = Navi;
			productName = Navi;
			productReference = A38993F4250B859F00211D90 /* Navi.framework */;
			productType = "com.apple.product-type.framework";
		};
/* End PBXNativeTarget section */

/* Begin PBXProject section */
		A38993EB250B859F00211D90 /* Project object */ = {
			isa = PBXProject;
			attributes = {
				LastUpgradeCheck = 1150;
				ORGANIZATIONNAME = "Qian,Sicheng";
				TargetAttributes = {
					A38993F3250B859F00211D90 = {
						CreatedOnToolsVersion = 11.5;
					};
				};
			};
			buildConfigurationList = A38993EE250B859F00211D90 /* Build configuration list for PBXProject "Navi" */;
			compatibilityVersion = "Xcode 9.3";
			developmentRegion = en;
			hasScannedForEncodings = 0;
			knownRegions = (
				en,
				Base,
			);
			mainGroup = A38993EA250B859F00211D90;
			productRefGroup = A38993F5250B859F00211D90 /* Products */;
			projectDirPath = "";
			projectRoot = "";
			targets = (
				A38993F3250B859F00211D90 /* Navi */,
			);
		};
/* End PBXProject section */

/* Begin PBXResourcesBuildPhase section */
		A38993F2250B859F00211D90 /* Resources */ = {
			isa = PBXResourcesBuildPhase;
			buildActionMask = 2147483647;
			files = (
				A34728B52539918500EC18ED /* NVColorCollectionItem.xib in Resources */,
				A396D12125347F8C0061CC73 /* color.png in Resources */,
				A396D11425347F8C0061CC73 /* text-active.png in Resources */,
				A3B5E223253828C40048F526 /* NVColorPanel.xib in Resources */,
				A396D12725347F8C0061CC73 /* mask.png in Resources */,
				A396D12425347F8C0061CC73 /* text-margin-active.png in Resources */,
				A396D11525347F8C0061CC73 /* main-active.png in Resources */,
				A3B5E22A25382B470048F526 /* NVPanelHeader.xib in Resources */,
				A396D11E25347F8C0061CC73 /* margin-v-active.png in Resources */,
				A396D12525347F8C0061CC73 /* shadow.png in Resources */,
				30D247AE2542ECF00027602C /* NVLineCollectionItem.xib in Resources */,
				A396D12925347F8C0061CC73 /* margin-v.png in Resources */,
				A396D11C25347F8C0061CC73 /* text-margin.png in Resources */,
				A396D11325347F8C0061CC73 /* border-active.png in Resources */,
				A396D11725347F8C0061CC73 /* layout-active.png in Resources */,
				A396D12025347F8C0061CC73 /* margin-h-active.png in Resources */,
				A3E6094425109AB500C98536 /* Panel.xib in Resources */,
				A396D12225347F8C0061CC73 /* icon-active.png in Resources */,
				A396D11D25347F8C0061CC73 /* line-active.png in Resources */,
				A396D11F25347F8C0061CC73 /* layout.png in Resources */,
				A396D12825347F8C0061CC73 /* transparent.png in Resources */,
				A396D11225347F8C0061CC73 /* mask-active.png in Resources */,
				A396D12625347F8C0061CC73 /* line.png in Resources */,
				A396D11825347F8C0061CC73 /* icon.png in Resources */,
				B2A1D898250EE6CA004E59A4 /* Menu.xib in Resources */,
				A396D11A25347F8C0061CC73 /* margin-h.png in Resources */,
				A396D11B25347F8C0061CC73 /* main.png in Resources */,
				A300365325386EAF0093395D /* NVTextPanel.xib in Resources */,
				A396D12325347F8C0061CC73 /* color-active.png in Resources */,
				A396D12A25347F8C0061CC73 /* text.png in Resources */,
				A3003661253870F40093395D /* NVMaskPanel.xib in Resources */,
				A300365B253870E00093395D /* NVLinePanel.xib in Resources */,
				A396D11625347F8C0061CC73 /* border.png in Resources */,
				A396D11925347F8C0061CC73 /* shadow-active.png in Resources */,
			);
			runOnlyForDeploymentPostprocessing = 0;
		};
/* End PBXResourcesBuildPhase section */

/* Begin PBXSourcesBuildPhase section */
		A38993F0250B859F00211D90 /* Sources */ = {
			isa = PBXSourcesBuildPhase;
			buildActionMask = 2147483647;
			files = (
				A3B5E22925382B470048F526 /* NVPanelHeader.m in Sources */,
				A32ED9952511D4E100EBCE68 /* Menu.m in Sources */,
				A300365A253870E00093395D /* NVLinePanel.m in Sources */,
				30D247A82542E7080027602C /* NVLineCollectionItemView.m in Sources */,
				A34728A4253886B700EC18ED /* NVPanelController.m in Sources */,
				A352295F253DA5D400F42D58 /* NVColorSource.m in Sources */,
				A3EEF7FF25402F9900C3998D /* NVPanelInfoButton.m in Sources */,
				B226FF59253CAAEE009DD159 /* NVClipView.m in Sources */,
				A3EEF7ED253F033500C3998D /* NVCollectionDelegate.m in Sources */,
				A3003660253870F40093395D /* NVMaskPanel.m in Sources */,
				A3B5E22E25382BE70048F526 /* NVPanelHeaderView.m in Sources */,
				A397ACC925148BEA00286C6E /* Panel.m in Sources */,
				30D2479F25429FAD0027602C /* NVLineSource.m in Sources */,
				A34728AF2539897200EC18ED /* NVColorSectionHeader.m in Sources */,
				A3FB3706253EC2E2001D152C /* NVToggleBox.m in Sources */,
				B2E02AD925459FA700BBE87F /* NVLayer.m in Sources */,
				A3522957253D6C3A00F42D58 /* NVCollectionView.m in Sources */,
				30D247A32542A7630027602C /* NVLineSectionHeader.m in Sources */,
				A3FB3702253EC1F0001D152C /* NVTrackButton.m in Sources */,
				B226FF5D253CB447009DD159 /* NVCollectionController.m in Sources */,
				B286F6B92543BDA400984F2A /* RFOverlayScrollView.m in Sources */,
				B2012D1D253C5B2A0003715E /* DisabledWheelScrollView.m in Sources */,
				A3453B6925381A19007AFFCC /* FlippedClipView.m in Sources */,
				A3EEF7F92540017300C3998D /* NVColorCollectionItem.m in Sources */,
				A3453B5D2535C5E2007AFFCC /* Config.m in Sources */,
				B286F6BB2543BDA400984F2A /* RFOverlayScroller.m in Sources */,
				30D247AD2542ECF00027602C /* NVLineCollectionItem.m in Sources */,
				A300365225386EAF0093395D /* NVTextPanel.m in Sources */,
				A3FB370A253ECD46001D152C /* NVColorCollectionItemView.m in Sources */,
				A3003665253873300093395D /* CustomScroller.m in Sources */,
				30D2479725429B1B0027602C /* NVLineCollectionView.m in Sources */,
				A34728AB253988FC00EC18ED /* NVColorCollectionView.m in Sources */,
				A3B5E222253828C40048F526 /* NVColorPanel.m in Sources */,
				A396D0EB25346F990061CC73 /* Util.m in Sources */,
			);
			runOnlyForDeploymentPostprocessing = 0;
		};
/* End PBXSourcesBuildPhase section */

/* Begin XCBuildConfiguration section */
		A38993FA250B85A000211D90 /* Debug */ = {
			isa = XCBuildConfiguration;
			buildSettings = {
				ALWAYS_SEARCH_USER_PATHS = NO;
				CLANG_ANALYZER_NONNULL = YES;
				CLANG_ANALYZER_NUMBER_OBJECT_CONVERSION = YES_AGGRESSIVE;
				CLANG_CXX_LANGUAGE_STANDARD = "gnu++14";
				CLANG_CXX_LIBRARY = "libc++";
				CLANG_ENABLE_MODULES = YES;
				CLANG_ENABLE_OBJC_ARC = YES;
				CLANG_ENABLE_OBJC_WEAK = YES;
				CLANG_WARN_BLOCK_CAPTURE_AUTORELEASING = YES;
				CLANG_WARN_BOOL_CONVERSION = YES;
				CLANG_WARN_COMMA = YES;
				CLANG_WARN_CONSTANT_CONVERSION = YES;
				CLANG_WARN_DEPRECATED_OBJC_IMPLEMENTATIONS = YES;
				CLANG_WARN_DIRECT_OBJC_ISA_USAGE = YES_ERROR;
				CLANG_WARN_DOCUMENTATION_COMMENTS = YES;
				CLANG_WARN_EMPTY_BODY = YES;
				CLANG_WARN_ENUM_CONVERSION = YES;
				CLANG_WARN_INFINITE_RECURSION = YES;
				CLANG_WARN_INT_CONVERSION = YES;
				CLANG_WARN_NON_LITERAL_NULL_CONVERSION = YES;
				CLANG_WARN_OBJC_IMPLICIT_RETAIN_SELF = YES;
				CLANG_WARN_OBJC_LITERAL_CONVERSION = YES;
				CLANG_WARN_OBJC_ROOT_CLASS = YES_ERROR;
				CLANG_WARN_RANGE_LOOP_ANALYSIS = YES;
				CLANG_WARN_STRICT_PROTOTYPES = YES;
				CLANG_WARN_SUSPICIOUS_MOVE = YES;
				CLANG_WARN_UNGUARDED_AVAILABILITY = YES_AGGRESSIVE;
				CLANG_WARN_UNREACHABLE_CODE = YES;
				CLANG_WARN__DUPLICATE_METHOD_MATCH = YES;
				COPY_PHASE_STRIP = NO;
				CURRENT_PROJECT_VERSION = 1;
				DEBUG_INFORMATION_FORMAT = dwarf;
				ENABLE_STRICT_OBJC_MSGSEND = YES;
				ENABLE_TESTABILITY = YES;
				GCC_C_LANGUAGE_STANDARD = gnu11;
				GCC_DYNAMIC_NO_PIC = NO;
				GCC_NO_COMMON_BLOCKS = YES;
				GCC_OPTIMIZATION_LEVEL = 0;
				GCC_PREPROCESSOR_DEFINITIONS = (
					"DEBUG=1",
					"$(inherited)",
				);
				GCC_WARN_64_TO_32_BIT_CONVERSION = YES;
				GCC_WARN_ABOUT_RETURN_TYPE = YES_ERROR;
				GCC_WARN_UNDECLARED_SELECTOR = YES;
				GCC_WARN_UNINITIALIZED_AUTOS = YES_AGGRESSIVE;
				GCC_WARN_UNUSED_FUNCTION = YES;
				GCC_WARN_UNUSED_VARIABLE = YES;
				MACOSX_DEPLOYMENT_TARGET = 10.15;
				MTL_ENABLE_DEBUG_INFO = INCLUDE_SOURCE;
				MTL_FAST_MATH = YES;
				ONLY_ACTIVE_ARCH = YES;
				SDKROOT = macosx;
				VERSIONING_SYSTEM = "apple-generic";
				VERSION_INFO_PREFIX = "";
			};
			name = Debug;
		};
		A38993FB250B85A000211D90 /* Release */ = {
			isa = XCBuildConfiguration;
			buildSettings = {
				ALWAYS_SEARCH_USER_PATHS = NO;
				CLANG_ANALYZER_NONNULL = YES;
				CLANG_ANALYZER_NUMBER_OBJECT_CONVERSION = YES_AGGRESSIVE;
				CLANG_CXX_LANGUAGE_STANDARD = "gnu++14";
				CLANG_CXX_LIBRARY = "libc++";
				CLANG_ENABLE_MODULES = YES;
				CLANG_ENABLE_OBJC_ARC = YES;
				CLANG_ENABLE_OBJC_WEAK = YES;
				CLANG_WARN_BLOCK_CAPTURE_AUTORELEASING = YES;
				CLANG_WARN_BOOL_CONVERSION = YES;
				CLANG_WARN_COMMA = YES;
				CLANG_WARN_CONSTANT_CONVERSION = YES;
				CLANG_WARN_DEPRECATED_OBJC_IMPLEMENTATIONS = YES;
				CLANG_WARN_DIRECT_OBJC_ISA_USAGE = YES_ERROR;
				CLANG_WARN_DOCUMENTATION_COMMENTS = YES;
				CLANG_WARN_EMPTY_BODY = YES;
				CLANG_WARN_ENUM_CONVERSION = YES;
				CLANG_WARN_INFINITE_RECURSION = YES;
				CLANG_WARN_INT_CONVERSION = YES;
				CLANG_WARN_NON_LITERAL_NULL_CONVERSION = YES;
				CLANG_WARN_OBJC_IMPLICIT_RETAIN_SELF = YES;
				CLANG_WARN_OBJC_LITERAL_CONVERSION = YES;
				CLANG_WARN_OBJC_ROOT_CLASS = YES_ERROR;
				CLANG_WARN_RANGE_LOOP_ANALYSIS = YES;
				CLANG_WARN_STRICT_PROTOTYPES = YES;
				CLANG_WARN_SUSPICIOUS_MOVE = YES;
				CLANG_WARN_UNGUARDED_AVAILABILITY = YES_AGGRESSIVE;
				CLANG_WARN_UNREACHABLE_CODE = YES;
				CLANG_WARN__DUPLICATE_METHOD_MATCH = YES;
				COPY_PHASE_STRIP = NO;
				CURRENT_PROJECT_VERSION = 1;
				DEBUG_INFORMATION_FORMAT = "dwarf-with-dsym";
				ENABLE_NS_ASSERTIONS = NO;
				ENABLE_STRICT_OBJC_MSGSEND = YES;
				GCC_C_LANGUAGE_STANDARD = gnu11;
				GCC_NO_COMMON_BLOCKS = YES;
				GCC_WARN_64_TO_32_BIT_CONVERSION = YES;
				GCC_WARN_ABOUT_RETURN_TYPE = YES_ERROR;
				GCC_WARN_UNDECLARED_SELECTOR = YES;
				GCC_WARN_UNINITIALIZED_AUTOS = YES_AGGRESSIVE;
				GCC_WARN_UNUSED_FUNCTION = YES;
				GCC_WARN_UNUSED_VARIABLE = YES;
				MACOSX_DEPLOYMENT_TARGET = 10.15;
				MTL_ENABLE_DEBUG_INFO = NO;
				MTL_FAST_MATH = YES;
				SDKROOT = macosx;
				VERSIONING_SYSTEM = "apple-generic";
				VERSION_INFO_PREFIX = "";
			};
			name = Release;
		};
		A38993FD250B85A000211D90 /* Debug */ = {
			isa = XCBuildConfiguration;
			buildSettings = {
				CODE_SIGN_STYLE = Automatic;
				COMBINE_HIDPI_IMAGES = YES;
				DEFINES_MODULE = YES;
				DYLIB_COMPATIBILITY_VERSION = 1;
				DYLIB_CURRENT_VERSION = 1;
				DYLIB_INSTALL_NAME_BASE = "@rpath";
				INFOPLIST_FILE = Navi/Info.plist;
				INSTALL_PATH = "$(LOCAL_LIBRARY_DIR)/Frameworks";
				LD_RUNPATH_SEARCH_PATHS = (
					"$(inherited)",
					"@executable_path/../Frameworks",
					"@loader_path/Frameworks",
				);
				MACOSX_DEPLOYMENT_TARGET = 10.14;
				PRODUCT_BUNDLE_IDENTIFIER = com.baidu.Navi;
				PRODUCT_NAME = "$(TARGET_NAME:c99extidentifier)";
				SKIP_INSTALL = YES;
			};
			name = Debug;
		};
		A38993FE250B85A000211D90 /* Release */ = {
			isa = XCBuildConfiguration;
			buildSettings = {
				CODE_SIGN_STYLE = Automatic;
				COMBINE_HIDPI_IMAGES = YES;
				DEFINES_MODULE = YES;
				DYLIB_COMPATIBILITY_VERSION = 1;
				DYLIB_CURRENT_VERSION = 1;
				DYLIB_INSTALL_NAME_BASE = "@rpath";
				INFOPLIST_FILE = Navi/Info.plist;
				INSTALL_PATH = "$(LOCAL_LIBRARY_DIR)/Frameworks";
				LD_RUNPATH_SEARCH_PATHS = (
					"$(inherited)",
					"@executable_path/../Frameworks",
					"@loader_path/Frameworks",
				);
				MACOSX_DEPLOYMENT_TARGET = 10.14;
				PRODUCT_BUNDLE_IDENTIFIER = com.baidu.Navi;
				PRODUCT_NAME = "$(TARGET_NAME:c99extidentifier)";
				SKIP_INSTALL = YES;
			};
			name = Release;
		};
/* End XCBuildConfiguration section */

/* Begin XCConfigurationList section */
		A38993EE250B859F00211D90 /* Build configuration list for PBXProject "Navi" */ = {
			isa = XCConfigurationList;
			buildConfigurations = (
				A38993FA250B85A000211D90 /* Debug */,
				A38993FB250B85A000211D90 /* Release */,
			);
			defaultConfigurationIsVisible = 0;
			defaultConfigurationName = Release;
		};
		A38993FC250B85A000211D90 /* Build configuration list for PBXNativeTarget "Navi" */ = {
			isa = XCConfigurationList;
			buildConfigurations = (
				A38993FD250B85A000211D90 /* Debug */,
				A38993FE250B85A000211D90 /* Release */,
			);
			defaultConfigurationIsVisible = 0;
			defaultConfigurationName = Release;
		};
/* End XCConfigurationList section */
	};
	rootObject = A38993EB250B859F00211D90 /* Project object */;
}
